// !$*UTF8*$!
{
	archiveVersion = 1;
	classes = {
	};
	objectVersion = 56;
	objects = {

/* Begin PBXBuildFile section */
		537EDD0E24F49F1E003DC54A /* APWebAuthentication.framework in Frameworks */ = {isa = PBXBuildFile; fileRef = 537EDD0424F49F1E003DC54A /* APWebAuthentication.framework */; };
		7743057D2DA1FC2700588966 /* GitHubAPIClient.swift in Sources */ = {isa = PBXBuildFile; fileRef = 7743053B2DA1FC2700588966 /* GitHubAPIClient.swift */; };
		7743057E2DA1FC2700588966 /* Data+APWebAuthentication.swift in Sources */ = {isa = PBXBuildFile; fileRef = 7743052C2DA1FC2700588966 /* Data+APWebAuthentication.swift */; };
		7743057F2DA1FC2700588966 /* FiveHundredspxWebRequestAdapter.swift in Sources */ = {isa = PBXBuildFile; fileRef = 774305342DA1FC2700588966 /* FiveHundredspxWebRequestAdapter.swift */; };
		774305802DA1FC2700588966 /* MediaComment.swift in Sources */ = {isa = PBXBuildFile; fileRef = 774305422DA1FC2700588966 /* MediaComment.swift */; };
		774305812DA1FC2700588966 /* FiveHundredspxWebHTMLAPIClient.swift in Sources */ = {isa = PBXBuildFile; fileRef = 774305322DA1FC2700588966 /* FiveHundredspxWebHTMLAPIClient.swift */; };
		774305822DA1FC2700588966 /* PinterestWebAPIClient.swift in Sources */ = {isa = PBXBuildFile; fileRef = 7743054F2DA1FC2700588966 /* PinterestWebAPIClient.swift */; };
		774305832DA1FC2700588966 /* OAuth1RequestAdapter.swift in Sources */ = {isa = PBXBuildFile; fileRef = 774305492DA1FC2700588966 /* OAuth1RequestAdapter.swift */; };
		774305842DA1FC2700588966 /* TwitchAPIClient.swift in Sources */ = {isa = PBXBuildFile; fileRef = 7743056E2DA1FC2700588966 /* TwitchAPIClient.swift */; };
		774305852DA1FC2700588966 /* WebTokensViewController.swift in Sources */ = {isa = PBXBuildFile; fileRef = 7743057B2DA1FC2700588966 /* WebTokensViewController.swift */; };
		774305862DA1FC2700588966 /* Auth1Authentication.swift in Sources */ = {isa = PBXBuildFile; fileRef = 774305242DA1FC2700588966 /* Auth1Authentication.swift */; };
		774305872DA1FC2700588966 /* TikTokWebRequestAdapter.swift in Sources */ = {isa = PBXBuildFile; fileRef = 774305662DA1FC2700588966 /* TikTokWebRequestAdapter.swift */; };
		774305882DA1FC2700588966 /* TikTokWebAPIClient.swift in Sources */ = {isa = PBXBuildFile; fileRef = 7743055E2DA1FC2700588966 /* TikTokWebAPIClient.swift */; };
		774305892DA1FC2700588966 /* OAuth2Client.swift in Sources */ = {isa = PBXBuildFile; fileRef = 7743054A2DA1FC2700588966 /* OAuth2Client.swift */; };
		7743058A2DA1FC2700588966 /* GitHubRequestAdapter.swift in Sources */ = {isa = PBXBuildFile; fileRef = 7743053C2DA1FC2700588966 /* GitHubRequestAdapter.swift */; };
		7743058B2DA1FC2700588966 /* ProviderBrowserMode.swift in Sources */ = {isa = PBXBuildFile; fileRef = 774305582DA1FC2700588966 /* ProviderBrowserMode.swift */; };
		7743058C2DA1FC2700588966 /* FiveHundredspxWebAuthController.swift in Sources */ = {isa = PBXBuildFile; fileRef = 774305302DA1FC2700588966 /* FiveHundredspxWebAuthController.swift */; };
		7743058D2DA1FC2700588966 /* Authentication.swift in Sources */ = {isa = PBXBuildFile; fileRef = 774305282DA1FC2700588966 /* Authentication.swift */; };
		7743058E2DA1FC2700588966 /* UINavigationController+Progress.swift in Sources */ = {isa = PBXBuildFile; fileRef = 774305772DA1FC2700588966 /* UINavigationController+Progress.swift */; };
		7743058F2DA1FC2700588966 /* PinterestWebAuthController.swift in Sources */ = {isa = PBXBuildFile; fileRef = 774305502DA1FC2700588966 /* PinterestWebAuthController.swift */; };
		774305902DA1FC2700588966 /* TumblrBlog.swift in Sources */ = {isa = PBXBuildFile; fileRef = 7743056B2DA1FC2700588966 /* TumblrBlog.swift */; };
		774305912DA1FC2700588966 /* PinterestWebRequestAdapter.swift in Sources */ = {isa = PBXBuildFile; fileRef = 774305542DA1FC2700588966 /* PinterestWebRequestAdapter.swift */; };
		774305922DA1FC2700588966 /* StoryItem.swift in Sources */ = {isa = PBXBuildFile; fileRef = 774305442DA1FC2700588966 /* StoryItem.swift */; };
		774305932DA1FC2700588966 /* TikTokWebAuthController.swift in Sources */ = {isa = PBXBuildFile; fileRef = 774305602DA1FC2700588966 /* TikTokWebAuthController.swift */; };
		774305942DA1FC2700588966 /* User.swift in Sources */ = {isa = PBXBuildFile; fileRef = 774305462DA1FC2700588966 /* User.swift */; };
		774305952DA1FC2700588966 /* TumblrAPIClient.swift in Sources */ = {isa = PBXBuildFile; fileRef = 7743056A2DA1FC2700588966 /* TumblrAPIClient.swift */; };
		774305962DA1FC2700588966 /* Error+APWebAuthentication.swift in Sources */ = {isa = PBXBuildFile; fileRef = 7743052D2DA1FC2700588966 /* Error+APWebAuthentication.swift */; };
		774305972DA1FC2700588966 /* JSON+APWebAuthentication.swift in Sources */ = {isa = PBXBuildFile; fileRef = 7743053F2DA1FC2700588966 /* JSON+APWebAuthentication.swift */; };
		774305982DA1FC2700588966 /* FiveHundredspxWebHTMLRequestAdapter.swift in Sources */ = {isa = PBXBuildFile; fileRef = 774305332DA1FC2700588966 /* FiveHundredspxWebHTMLRequestAdapter.swift */; };
		774305992DA1FC2700588966 /* FoursquareRequestAdapter.swift in Sources */ = {isa = PBXBuildFile; fileRef = 774305382DA1FC2700588966 /* FoursquareRequestAdapter.swift */; };
		7743059A2DA1FC2700588966 /* URL+APWebAuthentication.swift in Sources */ = {isa = PBXBuildFile; fileRef = 774305782DA1FC2700588966 /* URL+APWebAuthentication.swift */; };
		7743059B2DA1FC2700588966 /* AuthClientRequestRetrier.swift in Sources */ = {isa = PBXBuildFile; fileRef = 774305272DA1FC2700588966 /* AuthClientRequestRetrier.swift */; };
		7743059C2DA1FC2700588966 /* String+APWebAuthentication.swift in Sources */ = {isa = PBXBuildFile; fileRef = 7743055D2DA1FC2700588966 /* String+APWebAuthentication.swift */; };
		7743059D2DA1FC2700588966 /* PinterestWebUser.swift in Sources */ = {isa = PBXBuildFile; fileRef = 774305552DA1FC2700588966 /* PinterestWebUser.swift */; };
		7743059E2DA1FC2700588966 /* PinterestWebHTMLRequestAdapter.swift in Sources */ = {isa = PBXBuildFile; fileRef = 774305532DA1FC2700588966 /* PinterestWebHTMLRequestAdapter.swift */; };
		7743059F2DA1FC2700588966 /* BaseUser.swift in Sources */ = {isa = PBXBuildFile; fileRef = 774305412DA1FC2700588966 /* BaseUser.swift */; };
		774305A02DA1FC2700588966 /* TikTokWebMediaItem.swift in Sources */ = {isa = PBXBuildFile; fileRef = 774305632DA1FC2700588966 /* TikTokWebMediaItem.swift */; };
		774305A12DA1FC2700588966 /* Auth2Authentication.swift in Sources */ = {isa = PBXBuildFile; fileRef = 774305252DA1FC2700588966 /* Auth2Authentication.swift */; };
		774305A32DA1FC2700588966 /* AccountStore.swift in Sources */ = {isa = PBXBuildFile; fileRef = 7743051E2DA1FC2700588966 /* AccountStore.swift */; };
		774305A42DA1FC2700588966 /* WebActivitySafari.swift in Sources */ = {isa = PBXBuildFile; fileRef = 7743057A2DA1FC2700588966 /* WebActivitySafari.swift */; };
		774305A52DA1FC2700588966 /* Tag.swift in Sources */ = {isa = PBXBuildFile; fileRef = 774305452DA1FC2700588966 /* Tag.swift */; };
		774305A62DA1FC2700588966 /* TumblrUser.swift in Sources */ = {isa = PBXBuildFile; fileRef = 7743056C2DA1FC2700588966 /* TumblrUser.swift */; };
		774305A72DA1FC2700588966 /* AccountType.swift in Sources */ = {isa = PBXBuildFile; fileRef = 7743051F2DA1FC2700588966 /* AccountType.swift */; };
		774305A82DA1FC2700588966 /* ProgressView.swift in Sources */ = {isa = PBXBuildFile; fileRef = 774305572DA1FC2700588966 /* ProgressView.swift */; };
		774305AA2DA1FC2700588966 /* TikTokWebSignatureController.swift in Sources */ = {isa = PBXBuildFile; fileRef = 774305672DA1FC2700588966 /* TikTokWebSignatureController.swift */; };
		774305AB2DA1FC2700588966 /* FoursquareAPIClient.swift in Sources */ = {isa = PBXBuildFile; fileRef = 774305372DA1FC2700588966 /* FoursquareAPIClient.swift */; };
		774305AC2DA1FC2700588966 /* TikTokWebAuthentication.swift in Sources */ = {isa = PBXBuildFile; fileRef = 774305612DA1FC2700588966 /* TikTokWebAuthentication.swift */; };
		774305AD2DA1FC2700588966 /* FiveHundredspxWebAPIClient.swift in Sources */ = {isa = PBXBuildFile; fileRef = 7743052F2DA1FC2700588966 /* FiveHundredspxWebAPIClient.swift */; };
		774305AE2DA1FC2700588966 /* TwitterUser.swift in Sources */ = {isa = PBXBuildFile; fileRef = 774305742DA1FC2700588966 /* TwitterUser.swift */; };
		774305AF2DA1FC2700588966 /* SessionAuthentication.swift in Sources */ = {isa = PBXBuildFile; fileRef = 7743055C2DA1FC2700588966 /* SessionAuthentication.swift */; };
		774305B02DA1FC2700588966 /* OAuth1Client.swift in Sources */ = {isa = PBXBuildFile; fileRef = 774305482DA1FC2700588966 /* OAuth1Client.swift */; };
		774305B12DA1FC2700588966 /* TwitterAPIClient.swift in Sources */ = {isa = PBXBuildFile; fileRef = 774305722DA1FC2700588966 /* TwitterAPIClient.swift */; };
		774305B22DA1FC2700588966 /* PinterestWebAuthentication.swift in Sources */ = {isa = PBXBuildFile; fileRef = 774305512DA1FC2700588966 /* PinterestWebAuthentication.swift */; };
		774305B32DA1FC2700588966 /* AuthClient.swift in Sources */ = {isa = PBXBuildFile; fileRef = 774305262DA1FC2700588966 /* AuthClient.swift */; };
		774305B42DA1FC2700588966 /* TwitchRequestAdapter.swift in Sources */ = {isa = PBXBuildFile; fileRef = 7743056F2DA1FC2700588966 /* TwitchRequestAdapter.swift */; };
		774305B52DA1FC2700588966 /* BaseAuthViewController.swift in Sources */ = {isa = PBXBuildFile; fileRef = 7743052B2DA1FC2700588966 /* BaseAuthViewController.swift */; };
		774305B62DA1FC2700588966 /* TikTokWebAuthCheckpointController.swift in Sources */ = {isa = PBXBuildFile; fileRef = 7743055F2DA1FC2700588966 /* TikTokWebAuthCheckpointController.swift */; };
		774305B72DA1FC2700588966 /* TwitchUser.swift in Sources */ = {isa = PBXBuildFile; fileRef = 774305702DA1FC2700588966 /* TwitchUser.swift */; };
		774305B82DA1FC2700588966 /* PinterestUser.swift in Sources */ = {isa = PBXBuildFile; fileRef = 7743054D2DA1FC2700588966 /* PinterestUser.swift */; };
		774305B92DA1FC2700588966 /* GitHubUser.swift in Sources */ = {isa = PBXBuildFile; fileRef = 7743053D2DA1FC2700588966 /* GitHubUser.swift */; };
		774305BA2DA1FC2700588966 /* RedditAPIClient.swift in Sources */ = {isa = PBXBuildFile; fileRef = 774305592DA1FC2700588966 /* RedditAPIClient.swift */; };
		774305BB2DA1FC2700588966 /* APWebAuthenticationError.swift in Sources */ = {isa = PBXBuildFile; fileRef = 774305212DA1FC2700588966 /* APWebAuthenticationError.swift */; };
		774305BC2DA1FC2700588966 /* MediaItem.swift in Sources */ = {isa = PBXBuildFile; fileRef = 774305432DA1FC2700588966 /* MediaItem.swift */; };
		774305BE2DA1FC2700588966 /* AuthViewController.swift in Sources */ = {isa = PBXBuildFile; fileRef = 7743052A2DA1FC2700588966 /* AuthViewController.swift */; };
		774305BF2DA1FC2700588966 /* WebViewController.swift in Sources */ = {isa = PBXBuildFile; fileRef = 7743057C2DA1FC2700588966 /* WebViewController.swift */; };
		774305C02DA1FC2700588966 /* OAuth2RequestAdapter.swift in Sources */ = {isa = PBXBuildFile; fileRef = 7743054B2DA1FC2700588966 /* OAuth2RequestAdapter.swift */; };
		774305C12DA1FC2700588966 /* FiveHundredspxWebAuthentication.swift in Sources */ = {isa = PBXBuildFile; fileRef = 774305312DA1FC2700588966 /* FiveHundredspxWebAuthentication.swift */; };
		774305C22DA1FC2700588966 /* AuthNavBarView.swift in Sources */ = {isa = PBXBuildFile; fileRef = 774305292DA1FC2700588966 /* AuthNavBarView.swift */; };
		774305C32DA1FC2700588966 /* FiveHundredspxWebUser.swift in Sources */ = {isa = PBXBuildFile; fileRef = 774305352DA1FC2700588966 /* FiveHundredspxWebUser.swift */; };
		774305C42DA1FC2700588966 /* TwitterPost.swift in Sources */ = {isa = PBXBuildFile; fileRef = 774305732DA1FC2700588966 /* TwitterPost.swift */; };
		774305C52DA1FC2700588966 /* TikTokWebMobileRequestAdapter.swift in Sources */ = {isa = PBXBuildFile; fileRef = 774305652DA1FC2700588966 /* TikTokWebMobileRequestAdapter.swift */; };
		774305C62DA1FC2700588966 /* RedditUser.swift in Sources */ = {isa = PBXBuildFile; fileRef = 7743055A2DA1FC2700588966 /* RedditUser.swift */; };
		774305C72DA1FC2700588966 /* PinterestAPIClient.swift in Sources */ = {isa = PBXBuildFile; fileRef = 7743054C2DA1FC2700588966 /* PinterestAPIClient.swift */; };
		774305C82DA1FC2700588966 /* APWebAuthenticationLink.swift in Sources */ = {isa = PBXBuildFile; fileRef = 774305222DA1FC2700588966 /* APWebAuthenticationLink.swift */; };
		774305C92DA1FC2700588966 /* TikTokWebMediaComment.swift in Sources */ = {isa = PBXBuildFile; fileRef = 774305622DA1FC2700588966 /* TikTokWebMediaComment.swift */; };
		774305CA2DA1FC2700588966 /* TikTokWebMobileAPIClient.swift in Sources */ = {isa = PBXBuildFile; fileRef = 774305642DA1FC2700588966 /* TikTokWebMobileAPIClient.swift */; };
		774305CB2DA1FC2700588966 /* BaseMediaItem.swift in Sources */ = {isa = PBXBuildFile; fileRef = 774305402DA1FC2700588966 /* BaseMediaItem.swift */; };
		774305CC2DA1FC2700588966 /* APWebAuthenticationSession.swift in Sources */ = {isa = PBXBuildFile; fileRef = 774305232DA1FC2700588966 /* APWebAuthenticationSession.swift */; };
		774305CD2DA1FC2700588966 /* FoursquareUser.swift in Sources */ = {isa = PBXBuildFile; fileRef = 774305392DA1FC2700588966 /* FoursquareUser.swift */; };
		774305CE2DA1FC2700588966 /* PinterestWebHTMLAPIClient.swift in Sources */ = {isa = PBXBuildFile; fileRef = 774305522DA1FC2700588966 /* PinterestWebHTMLAPIClient.swift */; };
		774305CF2DA1FC2700588966 /* TikTokWebUser.swift in Sources */ = {isa = PBXBuildFile; fileRef = 774305682DA1FC2700588966 /* TikTokWebUser.swift */; };
		774305D02DA1FC2700588966 /* APWebAuthentication.h in Headers */ = {isa = PBXBuildFile; fileRef = 774305202DA1FC2700588966 /* APWebAuthentication.h */; };
		774305D32DA1FD0200588966 /* Alamofire in Frameworks */ = {isa = PBXBuildFile; productRef = 774305D22DA1FD0200588966 /* Alamofire */; };
		774305D92DA1FD2300588966 /* HTTPStatusCodes in Frameworks */ = {isa = PBXBuildFile; productRef = 774305D82DA1FD2300588966 /* HTTPStatusCodes */; };
		774305DC2DA1FD3500588966 /* JGProgressHUD in Frameworks */ = {isa = PBXBuildFile; productRef = 774305DB2DA1FD3500588966 /* JGProgressHUD */; };
		774305DF2DA1FD4600588966 /* SFSafeSymbols in Frameworks */ = {isa = PBXBuildFile; productRef = 774305DE2DA1FD4600588966 /* SFSafeSymbols */; };
		774305E22DA1FD5800588966 /* SnapKit in Frameworks */ = {isa = PBXBuildFile; productRef = 774305E12DA1FD5800588966 /* SnapKit */; };
		774305E52DA1FD6F00588966 /* SwiftyBeaver in Frameworks */ = {isa = PBXBuildFile; productRef = 774305E42DA1FD6F00588966 /* SwiftyBeaver */; };
		774305E82DA1FD7F00588966 /* SwifterSwift in Frameworks */ = {isa = PBXBuildFile; productRef = 774305E72DA1FD7F00588966 /* SwifterSwift */; };
		774305EB2DA1FD8E00588966 /* SwiftyJSON in Frameworks */ = {isa = PBXBuildFile; productRef = 774305EA2DA1FD8E00588966 /* SwiftyJSON */; };
		774305EE2DA1FD9F00588966 /* SwiftyUserDefaults in Frameworks */ = {isa = PBXBuildFile; productRef = 774305ED2DA1FD9F00588966 /* SwiftyUserDefaults */; };
		774305F12DA1FDB100588966 /* DeviceKit in Frameworks */ = {isa = PBXBuildFile; productRef = 774305F02DA1FDB100588966 /* DeviceKit */; };
		774305F72DA1FDCE00588966 /* APWebAuthenticationTests.swift in Sources */ = {isa = PBXBuildFile; fileRef = 774305F62DA1FDCE00588966 /* APWebAuthenticationTests.swift */; };
		774305F82DA1FDCE00588966 /* APWebAuthenticationErrorTests.swift in Sources */ = {isa = PBXBuildFile; fileRef = 774305F52DA1FDCE00588966 /* APWebAuthenticationErrorTests.swift */; };
		777A84712DAEA39700872AB4 /* APUserAgentGenerator in Frameworks */ = {isa = PBXBuildFile; productRef = 777A84702DAEA39700872AB4 /* APUserAgentGenerator */; };
		778D18802DA2EEB800101D91 /* CryptoSwift in Frameworks */ = {isa = PBXBuildFile; productRef = 778D187F2DA2EEB800101D91 /* CryptoSwift */; };
		77E253152DB03F1000B73036 /* UIApplication+APWebAuthentication.swift in Sources */ = {isa = PBXBuildFile; fileRef = 77E253142DB03F1000B73036 /* UIApplication+APWebAuthentication.swift */; };
		77E2531A2DB0408F00B73036 /* AccountStoreTests.swift in Sources */ = {isa = PBXBuildFile; fileRef = 77E253192DB0408D00B73036 /* AccountStoreTests.swift */; };
		77E2531C2DB0438300B73036 /* APWebAuthenticationLinkTests.swift in Sources */ = {isa = PBXBuildFile; fileRef = 77E2531B2DB0438200B73036 /* APWebAuthenticationLinkTests.swift */; };
		77E253202DB0442600B73036 /* ProviderBrowserModeTests.swift in Sources */ = {isa = PBXBuildFile; fileRef = 77E2531F2DB0442300B73036 /* ProviderBrowserModeTests.swift */; };
		77E253222DB0446F00B73036 /* AuthenticationTests.swift in Sources */ = {isa = PBXBuildFile; fileRef = 77E253212DB0446D00B73036 /* AuthenticationTests.swift */; };
		77E253242DB0449D00B73036 /* JSONExtensionTests.swift in Sources */ = {isa = PBXBuildFile; fileRef = 77E253232DB0449B00B73036 /* JSONExtensionTests.swift */; };
		77E253262DB044FF00B73036 /* Auth1AuthenticationTests.swift in Sources */ = {isa = PBXBuildFile; fileRef = 77E253252DB044FD00B73036 /* Auth1AuthenticationTests.swift */; };
		77E253282DB0455100B73036 /* Auth2AuthenticationTests.swift in Sources */ = {isa = PBXBuildFile; fileRef = 77E253272DB0455000B73036 /* Auth2AuthenticationTests.swift */; };
		77E2532A2DB0458000B73036 /* ErrorExtensionTests.swift in Sources */ = {isa = PBXBuildFile; fileRef = 77E253292DB0457E00B73036 /* ErrorExtensionTests.swift */; };
		77E2532C2DB045E000B73036 /* AuthClientTests.swift in Sources */ = {isa = PBXBuildFile; fileRef = 77E2532B2DB045DE00B73036 /* AuthClientTests.swift */; };
		77E2532E2DB0462B00B73036 /* OAuth1ClientTests.swift in Sources */ = {isa = PBXBuildFile; fileRef = 77E2532D2DB0462A00B73036 /* OAuth1ClientTests.swift */; };
		77E253302DB0465700B73036 /* OAuth2ClientTests.swift in Sources */ = {isa = PBXBuildFile; fileRef = 77E2532F2DB0465600B73036 /* OAuth2ClientTests.swift */; };
		77E253432DB04CCA00B73036 /* PinterestWebUserTests.swift in Sources */ = {isa = PBXBuildFile; fileRef = 77E253402DB04CCA00B73036 /* PinterestWebUserTests.swift */; };
		77E253442DB04CCA00B73036 /* RedditUserTests.swift in Sources */ = {isa = PBXBuildFile; fileRef = 77E253412DB04CCA00B73036 /* RedditUserTests.swift */; };
		77E253452DB04CCA00B73036 /* PinterestUserTests.swift in Sources */ = {isa = PBXBuildFile; fileRef = 77E2533F2DB04CCA00B73036 /* PinterestUserTests.swift */; };
		77E253462DB04CCA00B73036 /* FoursquareUserTests.swift in Sources */ = {isa = PBXBuildFile; fileRef = 77E2533D2DB04CCA00B73036 /* FoursquareUserTests.swift */; };
		77E253472DB04CCA00B73036 /* TumblrUserTests.swift in Sources */ = {isa = PBXBuildFile; fileRef = 77E253422DB04CCA00B73036 /* TumblrUserTests.swift */; };
		77E253482DB04CCA00B73036 /* GitHubUserTests.swift in Sources */ = {isa = PBXBuildFile; fileRef = 77E2533E2DB04CCA00B73036 /* GitHubUserTests.swift */; };
/* End PBXBuildFile section */

/* Begin PBXContainerItemProxy section */
		537EDD0F24F49F1E003DC54A /* PBXContainerItemProxy */ = {
			isa = PBXContainerItemProxy;
			containerPortal = 537EDCFB24F49F1E003DC54A /* Project object */;
			proxyType = 1;
			remoteGlobalIDString = 537EDD0324F49F1E003DC54A;
			remoteInfo = ProgressToolbar;
		};
/* End PBXContainerItemProxy section */

/* Begin PBXFileReference section */
		537EDD0424F49F1E003DC54A /* APWebAuthentication.framework */ = {isa = PBXFileReference; explicitFileType = wrapper.framework; includeInIndex = 0; path = APWebAuthentication.framework; sourceTree = BUILT_PRODUCTS_DIR; };
		537EDD0D24F49F1E003DC54A /* APWebAuthenticationTests.xctest */ = {isa = PBXFileReference; explicitFileType = wrapper.cfbundle; includeInIndex = 0; path = APWebAuthenticationTests.xctest; sourceTree = BUILT_PRODUCTS_DIR; };
		7743051E2DA1FC2700588966 /* AccountStore.swift */ = {isa = PBXFileReference; lastKnownFileType = sourcecode.swift; path = AccountStore.swift; sourceTree = "<group>"; };
		7743051F2DA1FC2700588966 /* AccountType.swift */ = {isa = PBXFileReference; lastKnownFileType = sourcecode.swift; path = AccountType.swift; sourceTree = "<group>"; };
		774305202DA1FC2700588966 /* APWebAuthentication.h */ = {isa = PBXFileReference; lastKnownFileType = sourcecode.c.h; path = APWebAuthentication.h; sourceTree = "<group>"; };
		774305212DA1FC2700588966 /* APWebAuthenticationError.swift */ = {isa = PBXFileReference; lastKnownFileType = sourcecode.swift; path = APWebAuthenticationError.swift; sourceTree = "<group>"; };
		774305222DA1FC2700588966 /* APWebAuthenticationLink.swift */ = {isa = PBXFileReference; lastKnownFileType = sourcecode.swift; path = APWebAuthenticationLink.swift; sourceTree = "<group>"; };
		774305232DA1FC2700588966 /* APWebAuthenticationSession.swift */ = {isa = PBXFileReference; lastKnownFileType = sourcecode.swift; path = APWebAuthenticationSession.swift; sourceTree = "<group>"; };
		774305242DA1FC2700588966 /* Auth1Authentication.swift */ = {isa = PBXFileReference; lastKnownFileType = sourcecode.swift; path = Auth1Authentication.swift; sourceTree = "<group>"; };
		774305252DA1FC2700588966 /* Auth2Authentication.swift */ = {isa = PBXFileReference; lastKnownFileType = sourcecode.swift; path = Auth2Authentication.swift; sourceTree = "<group>"; };
		774305262DA1FC2700588966 /* AuthClient.swift */ = {isa = PBXFileReference; lastKnownFileType = sourcecode.swift; path = AuthClient.swift; sourceTree = "<group>"; };
		774305272DA1FC2700588966 /* AuthClientRequestRetrier.swift */ = {isa = PBXFileReference; lastKnownFileType = sourcecode.swift; path = AuthClientRequestRetrier.swift; sourceTree = "<group>"; };
		774305282DA1FC2700588966 /* Authentication.swift */ = {isa = PBXFileReference; lastKnownFileType = sourcecode.swift; path = Authentication.swift; sourceTree = "<group>"; };
		774305292DA1FC2700588966 /* AuthNavBarView.swift */ = {isa = PBXFileReference; lastKnownFileType = sourcecode.swift; path = AuthNavBarView.swift; sourceTree = "<group>"; };
		7743052A2DA1FC2700588966 /* AuthViewController.swift */ = {isa = PBXFileReference; lastKnownFileType = sourcecode.swift; path = AuthViewController.swift; sourceTree = "<group>"; };
		7743052B2DA1FC2700588966 /* BaseAuthViewController.swift */ = {isa = PBXFileReference; lastKnownFileType = sourcecode.swift; path = BaseAuthViewController.swift; sourceTree = "<group>"; };
		7743052C2DA1FC2700588966 /* Data+APWebAuthentication.swift */ = {isa = PBXFileReference; lastKnownFileType = sourcecode.swift; path = "Data+APWebAuthentication.swift"; sourceTree = "<group>"; };
		7743052D2DA1FC2700588966 /* Error+APWebAuthentication.swift */ = {isa = PBXFileReference; lastKnownFileType = sourcecode.swift; path = "Error+APWebAuthentication.swift"; sourceTree = "<group>"; };
		7743052F2DA1FC2700588966 /* FiveHundredspxWebAPIClient.swift */ = {isa = PBXFileReference; lastKnownFileType = sourcecode.swift; path = FiveHundredspxWebAPIClient.swift; sourceTree = "<group>"; };
		774305302DA1FC2700588966 /* FiveHundredspxWebAuthController.swift */ = {isa = PBXFileReference; lastKnownFileType = sourcecode.swift; path = FiveHundredspxWebAuthController.swift; sourceTree = "<group>"; };
		774305312DA1FC2700588966 /* FiveHundredspxWebAuthentication.swift */ = {isa = PBXFileReference; lastKnownFileType = sourcecode.swift; path = FiveHundredspxWebAuthentication.swift; sourceTree = "<group>"; };
		774305322DA1FC2700588966 /* FiveHundredspxWebHTMLAPIClient.swift */ = {isa = PBXFileReference; lastKnownFileType = sourcecode.swift; path = FiveHundredspxWebHTMLAPIClient.swift; sourceTree = "<group>"; };
		774305332DA1FC2700588966 /* FiveHundredspxWebHTMLRequestAdapter.swift */ = {isa = PBXFileReference; lastKnownFileType = sourcecode.swift; path = FiveHundredspxWebHTMLRequestAdapter.swift; sourceTree = "<group>"; };
		774305342DA1FC2700588966 /* FiveHundredspxWebRequestAdapter.swift */ = {isa = PBXFileReference; lastKnownFileType = sourcecode.swift; path = FiveHundredspxWebRequestAdapter.swift; sourceTree = "<group>"; };
		774305352DA1FC2700588966 /* FiveHundredspxWebUser.swift */ = {isa = PBXFileReference; lastKnownFileType = sourcecode.swift; path = FiveHundredspxWebUser.swift; sourceTree = "<group>"; };
		774305372DA1FC2700588966 /* FoursquareAPIClient.swift */ = {isa = PBXFileReference; lastKnownFileType = sourcecode.swift; path = FoursquareAPIClient.swift; sourceTree = "<group>"; };
		774305382DA1FC2700588966 /* FoursquareRequestAdapter.swift */ = {isa = PBXFileReference; lastKnownFileType = sourcecode.swift; path = FoursquareRequestAdapter.swift; sourceTree = "<group>"; };
		774305392DA1FC2700588966 /* FoursquareUser.swift */ = {isa = PBXFileReference; lastKnownFileType = sourcecode.swift; path = FoursquareUser.swift; sourceTree = "<group>"; };
		7743053B2DA1FC2700588966 /* GitHubAPIClient.swift */ = {isa = PBXFileReference; lastKnownFileType = sourcecode.swift; path = GitHubAPIClient.swift; sourceTree = "<group>"; };
		7743053C2DA1FC2700588966 /* GitHubRequestAdapter.swift */ = {isa = PBXFileReference; lastKnownFileType = sourcecode.swift; path = GitHubRequestAdapter.swift; sourceTree = "<group>"; };
		7743053D2DA1FC2700588966 /* GitHubUser.swift */ = {isa = PBXFileReference; lastKnownFileType = sourcecode.swift; path = GitHubUser.swift; sourceTree = "<group>"; };
		7743053F2DA1FC2700588966 /* JSON+APWebAuthentication.swift */ = {isa = PBXFileReference; lastKnownFileType = sourcecode.swift; path = "JSON+APWebAuthentication.swift"; sourceTree = "<group>"; };
		774305402DA1FC2700588966 /* BaseMediaItem.swift */ = {isa = PBXFileReference; lastKnownFileType = sourcecode.swift; path = BaseMediaItem.swift; sourceTree = "<group>"; };
		774305412DA1FC2700588966 /* BaseUser.swift */ = {isa = PBXFileReference; lastKnownFileType = sourcecode.swift; path = BaseUser.swift; sourceTree = "<group>"; };
		774305422DA1FC2700588966 /* MediaComment.swift */ = {isa = PBXFileReference; lastKnownFileType = sourcecode.swift; path = MediaComment.swift; sourceTree = "<group>"; };
		774305432DA1FC2700588966 /* MediaItem.swift */ = {isa = PBXFileReference; lastKnownFileType = sourcecode.swift; path = MediaItem.swift; sourceTree = "<group>"; };
		774305442DA1FC2700588966 /* StoryItem.swift */ = {isa = PBXFileReference; lastKnownFileType = sourcecode.swift; path = StoryItem.swift; sourceTree = "<group>"; };
		774305452DA1FC2700588966 /* Tag.swift */ = {isa = PBXFileReference; lastKnownFileType = sourcecode.swift; path = Tag.swift; sourceTree = "<group>"; };
		774305462DA1FC2700588966 /* User.swift */ = {isa = PBXFileReference; lastKnownFileType = sourcecode.swift; path = User.swift; sourceTree = "<group>"; };
		774305482DA1FC2700588966 /* OAuth1Client.swift */ = {isa = PBXFileReference; lastKnownFileType = sourcecode.swift; path = OAuth1Client.swift; sourceTree = "<group>"; };
		774305492DA1FC2700588966 /* OAuth1RequestAdapter.swift */ = {isa = PBXFileReference; lastKnownFileType = sourcecode.swift; path = OAuth1RequestAdapter.swift; sourceTree = "<group>"; };
		7743054A2DA1FC2700588966 /* OAuth2Client.swift */ = {isa = PBXFileReference; lastKnownFileType = sourcecode.swift; path = OAuth2Client.swift; sourceTree = "<group>"; };
		7743054B2DA1FC2700588966 /* OAuth2RequestAdapter.swift */ = {isa = PBXFileReference; lastKnownFileType = sourcecode.swift; path = OAuth2RequestAdapter.swift; sourceTree = "<group>"; };
		7743054C2DA1FC2700588966 /* PinterestAPIClient.swift */ = {isa = PBXFileReference; lastKnownFileType = sourcecode.swift; path = PinterestAPIClient.swift; sourceTree = "<group>"; };
		7743054D2DA1FC2700588966 /* PinterestUser.swift */ = {isa = PBXFileReference; lastKnownFileType = sourcecode.swift; path = PinterestUser.swift; sourceTree = "<group>"; };
		7743054F2DA1FC2700588966 /* PinterestWebAPIClient.swift */ = {isa = PBXFileReference; lastKnownFileType = sourcecode.swift; path = PinterestWebAPIClient.swift; sourceTree = "<group>"; };
		774305502DA1FC2700588966 /* PinterestWebAuthController.swift */ = {isa = PBXFileReference; lastKnownFileType = sourcecode.swift; path = PinterestWebAuthController.swift; sourceTree = "<group>"; };
		774305512DA1FC2700588966 /* PinterestWebAuthentication.swift */ = {isa = PBXFileReference; lastKnownFileType = sourcecode.swift; path = PinterestWebAuthentication.swift; sourceTree = "<group>"; };
		774305522DA1FC2700588966 /* PinterestWebHTMLAPIClient.swift */ = {isa = PBXFileReference; lastKnownFileType = sourcecode.swift; path = PinterestWebHTMLAPIClient.swift; sourceTree = "<group>"; };
		774305532DA1FC2700588966 /* PinterestWebHTMLRequestAdapter.swift */ = {isa = PBXFileReference; lastKnownFileType = sourcecode.swift; path = PinterestWebHTMLRequestAdapter.swift; sourceTree = "<group>"; };
		774305542DA1FC2700588966 /* PinterestWebRequestAdapter.swift */ = {isa = PBXFileReference; lastKnownFileType = sourcecode.swift; path = PinterestWebRequestAdapter.swift; sourceTree = "<group>"; };
		774305552DA1FC2700588966 /* PinterestWebUser.swift */ = {isa = PBXFileReference; lastKnownFileType = sourcecode.swift; path = PinterestWebUser.swift; sourceTree = "<group>"; };
		774305572DA1FC2700588966 /* ProgressView.swift */ = {isa = PBXFileReference; lastKnownFileType = sourcecode.swift; path = ProgressView.swift; sourceTree = "<group>"; };
		774305582DA1FC2700588966 /* ProviderBrowserMode.swift */ = {isa = PBXFileReference; lastKnownFileType = sourcecode.swift; path = ProviderBrowserMode.swift; sourceTree = "<group>"; };
		774305592DA1FC2700588966 /* RedditAPIClient.swift */ = {isa = PBXFileReference; lastKnownFileType = sourcecode.swift; path = RedditAPIClient.swift; sourceTree = "<group>"; };
		7743055A2DA1FC2700588966 /* RedditUser.swift */ = {isa = PBXFileReference; lastKnownFileType = sourcecode.swift; path = RedditUser.swift; sourceTree = "<group>"; };
		7743055C2DA1FC2700588966 /* SessionAuthentication.swift */ = {isa = PBXFileReference; lastKnownFileType = sourcecode.swift; path = SessionAuthentication.swift; sourceTree = "<group>"; };
		7743055D2DA1FC2700588966 /* String+APWebAuthentication.swift */ = {isa = PBXFileReference; lastKnownFileType = sourcecode.swift; path = "String+APWebAuthentication.swift"; sourceTree = "<group>"; };
		7743055E2DA1FC2700588966 /* TikTokWebAPIClient.swift */ = {isa = PBXFileReference; lastKnownFileType = sourcecode.swift; path = TikTokWebAPIClient.swift; sourceTree = "<group>"; };
		7743055F2DA1FC2700588966 /* TikTokWebAuthCheckpointController.swift */ = {isa = PBXFileReference; lastKnownFileType = sourcecode.swift; path = TikTokWebAuthCheckpointController.swift; sourceTree = "<group>"; };
		774305602DA1FC2700588966 /* TikTokWebAuthController.swift */ = {isa = PBXFileReference; lastKnownFileType = sourcecode.swift; path = TikTokWebAuthController.swift; sourceTree = "<group>"; };
		774305612DA1FC2700588966 /* TikTokWebAuthentication.swift */ = {isa = PBXFileReference; lastKnownFileType = sourcecode.swift; path = TikTokWebAuthentication.swift; sourceTree = "<group>"; };
		774305622DA1FC2700588966 /* TikTokWebMediaComment.swift */ = {isa = PBXFileReference; lastKnownFileType = sourcecode.swift; path = TikTokWebMediaComment.swift; sourceTree = "<group>"; };
		774305632DA1FC2700588966 /* TikTokWebMediaItem.swift */ = {isa = PBXFileReference; lastKnownFileType = sourcecode.swift; path = TikTokWebMediaItem.swift; sourceTree = "<group>"; };
		774305642DA1FC2700588966 /* TikTokWebMobileAPIClient.swift */ = {isa = PBXFileReference; lastKnownFileType = sourcecode.swift; path = TikTokWebMobileAPIClient.swift; sourceTree = "<group>"; };
		774305652DA1FC2700588966 /* TikTokWebMobileRequestAdapter.swift */ = {isa = PBXFileReference; lastKnownFileType = sourcecode.swift; path = TikTokWebMobileRequestAdapter.swift; sourceTree = "<group>"; };
		774305662DA1FC2700588966 /* TikTokWebRequestAdapter.swift */ = {isa = PBXFileReference; lastKnownFileType = sourcecode.swift; path = TikTokWebRequestAdapter.swift; sourceTree = "<group>"; };
		774305672DA1FC2700588966 /* TikTokWebSignatureController.swift */ = {isa = PBXFileReference; lastKnownFileType = sourcecode.swift; path = TikTokWebSignatureController.swift; sourceTree = "<group>"; };
		774305682DA1FC2700588966 /* TikTokWebUser.swift */ = {isa = PBXFileReference; lastKnownFileType = sourcecode.swift; path = TikTokWebUser.swift; sourceTree = "<group>"; };
		7743056A2DA1FC2700588966 /* TumblrAPIClient.swift */ = {isa = PBXFileReference; lastKnownFileType = sourcecode.swift; path = TumblrAPIClient.swift; sourceTree = "<group>"; };
		7743056B2DA1FC2700588966 /* TumblrBlog.swift */ = {isa = PBXFileReference; lastKnownFileType = sourcecode.swift; path = TumblrBlog.swift; sourceTree = "<group>"; };
		7743056C2DA1FC2700588966 /* TumblrUser.swift */ = {isa = PBXFileReference; lastKnownFileType = sourcecode.swift; path = TumblrUser.swift; sourceTree = "<group>"; };
		7743056E2DA1FC2700588966 /* TwitchAPIClient.swift */ = {isa = PBXFileReference; lastKnownFileType = sourcecode.swift; path = TwitchAPIClient.swift; sourceTree = "<group>"; };
		7743056F2DA1FC2700588966 /* TwitchRequestAdapter.swift */ = {isa = PBXFileReference; lastKnownFileType = sourcecode.swift; path = TwitchRequestAdapter.swift; sourceTree = "<group>"; };
		774305702DA1FC2700588966 /* TwitchUser.swift */ = {isa = PBXFileReference; lastKnownFileType = sourcecode.swift; path = TwitchUser.swift; sourceTree = "<group>"; };
		774305722DA1FC2700588966 /* TwitterAPIClient.swift */ = {isa = PBXFileReference; lastKnownFileType = sourcecode.swift; path = TwitterAPIClient.swift; sourceTree = "<group>"; };
		774305732DA1FC2700588966 /* TwitterPost.swift */ = {isa = PBXFileReference; lastKnownFileType = sourcecode.swift; path = TwitterPost.swift; sourceTree = "<group>"; };
		774305742DA1FC2700588966 /* TwitterUser.swift */ = {isa = PBXFileReference; lastKnownFileType = sourcecode.swift; path = TwitterUser.swift; sourceTree = "<group>"; };
		774305772DA1FC2700588966 /* UINavigationController+Progress.swift */ = {isa = PBXFileReference; lastKnownFileType = sourcecode.swift; path = "UINavigationController+Progress.swift"; sourceTree = "<group>"; };
		774305782DA1FC2700588966 /* URL+APWebAuthentication.swift */ = {isa = PBXFileReference; lastKnownFileType = sourcecode.swift; path = "URL+APWebAuthentication.swift"; sourceTree = "<group>"; };
		7743057A2DA1FC2700588966 /* WebActivitySafari.swift */ = {isa = PBXFileReference; lastKnownFileType = sourcecode.swift; path = WebActivitySafari.swift; sourceTree = "<group>"; };
		7743057B2DA1FC2700588966 /* WebTokensViewController.swift */ = {isa = PBXFileReference; lastKnownFileType = sourcecode.swift; path = WebTokensViewController.swift; sourceTree = "<group>"; };
		7743057C2DA1FC2700588966 /* WebViewController.swift */ = {isa = PBXFileReference; lastKnownFileType = sourcecode.swift; path = WebViewController.swift; sourceTree = "<group>"; };
		774305F52DA1FDCE00588966 /* APWebAuthenticationErrorTests.swift */ = {isa = PBXFileReference; lastKnownFileType = sourcecode.swift; path = APWebAuthenticationErrorTests.swift; sourceTree = "<group>"; };
		774305F62DA1FDCE00588966 /* APWebAuthenticationTests.swift */ = {isa = PBXFileReference; lastKnownFileType = sourcecode.swift; path = APWebAuthenticationTests.swift; sourceTree = "<group>"; };
		777A84722DAEA3CD00872AB4 /* ci.yml */ = {isa = PBXFileReference; lastKnownFileType = text.yaml; path = ci.yml; sourceTree = "<group>"; };
		777A84742DAEA3CD00872AB4 /* dependabot.yml */ = {isa = PBXFileReference; lastKnownFileType = text.yaml; path = dependabot.yml; sourceTree = "<group>"; };
		777A84762DAEA3CD00872AB4 /* Gemfile */ = {isa = PBXFileReference; lastKnownFileType = text; path = Gemfile; sourceTree = "<group>"; };
		777A84772DAEA3CD00872AB4 /* Gemfile.lock */ = {isa = PBXFileReference; lastKnownFileType = text; path = Gemfile.lock; sourceTree = "<group>"; };
		777A84782DAEA3CD00872AB4 /* README.md */ = {isa = PBXFileReference; lastKnownFileType = net.daringfireball.markdown; path = README.md; sourceTree = "<group>"; };
		778D187C2DA2EAFC00101D91 /* CryptoKit.framework */ = {isa = PBXFileReference; lastKnownFileType = wrapper.framework; name = CryptoKit.framework; path = Platforms/MacOSX.platform/Developer/SDKs/MacOSX15.4.sdk/System/Library/Frameworks/CryptoKit.framework; sourceTree = DEVELOPER_DIR; };
		778D4D322D5E3FE0008738C8 /* Package.swift */ = {isa = PBXFileReference; lastKnownFileType = sourcecode.swift; path = Package.swift; sourceTree = "<group>"; };
		77E253142DB03F1000B73036 /* UIApplication+APWebAuthentication.swift */ = {isa = PBXFileReference; lastKnownFileType = sourcecode.swift; path = "UIApplication+APWebAuthentication.swift"; sourceTree = "<group>"; };
		77E253192DB0408D00B73036 /* AccountStoreTests.swift */ = {isa = PBXFileReference; lastKnownFileType = sourcecode.swift; path = AccountStoreTests.swift; sourceTree = "<group>"; };
		77E2531B2DB0438200B73036 /* APWebAuthenticationLinkTests.swift */ = {isa = PBXFileReference; lastKnownFileType = sourcecode.swift; path = APWebAuthenticationLinkTests.swift; sourceTree = "<group>"; };
		77E2531F2DB0442300B73036 /* ProviderBrowserModeTests.swift */ = {isa = PBXFileReference; lastKnownFileType = sourcecode.swift; path = ProviderBrowserModeTests.swift; sourceTree = "<group>"; };
		77E253212DB0446D00B73036 /* AuthenticationTests.swift */ = {isa = PBXFileReference; lastKnownFileType = sourcecode.swift; path = AuthenticationTests.swift; sourceTree = "<group>"; };
		77E253232DB0449B00B73036 /* JSONExtensionTests.swift */ = {isa = PBXFileReference; lastKnownFileType = sourcecode.swift; path = JSONExtensionTests.swift; sourceTree = "<group>"; };
		77E253252DB044FD00B73036 /* Auth1AuthenticationTests.swift */ = {isa = PBXFileReference; lastKnownFileType = sourcecode.swift; path = Auth1AuthenticationTests.swift; sourceTree = "<group>"; };
		77E253272DB0455000B73036 /* Auth2AuthenticationTests.swift */ = {isa = PBXFileReference; lastKnownFileType = sourcecode.swift; path = Auth2AuthenticationTests.swift; sourceTree = "<group>"; };
		77E253292DB0457E00B73036 /* ErrorExtensionTests.swift */ = {isa = PBXFileReference; lastKnownFileType = sourcecode.swift; path = ErrorExtensionTests.swift; sourceTree = "<group>"; };
		77E2532B2DB045DE00B73036 /* AuthClientTests.swift */ = {isa = PBXFileReference; lastKnownFileType = sourcecode.swift; path = AuthClientTests.swift; sourceTree = "<group>"; };
		77E2532D2DB0462A00B73036 /* OAuth1ClientTests.swift */ = {isa = PBXFileReference; lastKnownFileType = sourcecode.swift; path = OAuth1ClientTests.swift; sourceTree = "<group>"; };
		77E2532F2DB0465600B73036 /* OAuth2ClientTests.swift */ = {isa = PBXFileReference; lastKnownFileType = sourcecode.swift; path = OAuth2ClientTests.swift; sourceTree = "<group>"; };
		77E2533D2DB04CCA00B73036 /* FoursquareUserTests.swift */ = {isa = PBXFileReference; lastKnownFileType = sourcecode.swift; path = FoursquareUserTests.swift; sourceTree = "<group>"; };
		77E2533E2DB04CCA00B73036 /* GitHubUserTests.swift */ = {isa = PBXFileReference; lastKnownFileType = sourcecode.swift; path = GitHubUserTests.swift; sourceTree = "<group>"; };
		77E2533F2DB04CCA00B73036 /* PinterestUserTests.swift */ = {isa = PBXFileReference; lastKnownFileType = sourcecode.swift; path = PinterestUserTests.swift; sourceTree = "<group>"; };
		77E253402DB04CCA00B73036 /* PinterestWebUserTests.swift */ = {isa = PBXFileReference; lastKnownFileType = sourcecode.swift; path = PinterestWebUserTests.swift; sourceTree = "<group>"; };
		77E253412DB04CCA00B73036 /* RedditUserTests.swift */ = {isa = PBXFileReference; lastKnownFileType = sourcecode.swift; path = RedditUserTests.swift; sourceTree = "<group>"; };
		77E253422DB04CCA00B73036 /* TumblrUserTests.swift */ = {isa = PBXFileReference; lastKnownFileType = sourcecode.swift; path = TumblrUserTests.swift; sourceTree = "<group>"; };
/* End PBXFileReference section */

/* Begin PBXFrameworksBuildPhase section */
		537EDD0124F49F1E003DC54A /* Frameworks */ = {
			isa = PBXFrameworksBuildPhase;
			buildActionMask = 2147483647;
			files = (
				774305EB2DA1FD8E00588966 /* SwiftyJSON in Frameworks */,
				774305DF2DA1FD4600588966 /* SFSafeSymbols in Frameworks */,
				774305DC2DA1FD3500588966 /* JGProgressHUD in Frameworks */,
				774305EE2DA1FD9F00588966 /* SwiftyUserDefaults in Frameworks */,
				774305F12DA1FDB100588966 /* DeviceKit in Frameworks */,
				774305E52DA1FD6F00588966 /* SwiftyBeaver in Frameworks */,
				774305D32DA1FD0200588966 /* Alamofire in Frameworks */,
				778D18802DA2EEB800101D91 /* CryptoSwift in Frameworks */,
				774305E22DA1FD5800588966 /* SnapKit in Frameworks */,
				774305E82DA1FD7F00588966 /* SwifterSwift in Frameworks */,
				777A84712DAEA39700872AB4 /* APUserAgentGenerator in Frameworks */,
				774305D92DA1FD2300588966 /* HTTPStatusCodes in Frameworks */,
			);
			runOnlyForDeploymentPostprocessing = 0;
		};
		537EDD0A24F49F1E003DC54A /* Frameworks */ = {
			isa = PBXFrameworksBuildPhase;
			buildActionMask = 2147483647;
			files = (
				537EDD0E24F49F1E003DC54A /* APWebAuthentication.framework in Frameworks */,
			);
			runOnlyForDeploymentPostprocessing = 0;
		};
/* End PBXFrameworksBuildPhase section */

/* Begin PBXGroup section */
		537EDCFA24F49F1E003DC54A = {
			isa = PBXGroup;
			children = (
				778D4D322D5E3FE0008738C8 /* Package.swift */,
				777A84752DAEA3CD00872AB4 /* .github */,
				777A84762DAEA3CD00872AB4 /* Gemfile */,
				777A84772DAEA3CD00872AB4 /* Gemfile.lock */,
				777A84782DAEA3CD00872AB4 /* README.md */,
				77BAE9522D90D8E7008CC558 /* Sources */,
				772F412C2DA19D0B00631B1D /* Tests */,
				778D187B2DA2EAFC00101D91 /* Frameworks */,
				537EDD0524F49F1E003DC54A /* Products */,
			);
			sourceTree = "<group>";
		};
		537EDD0524F49F1E003DC54A /* Products */ = {
			isa = PBXGroup;
			children = (
				537EDD0424F49F1E003DC54A /* APWebAuthentication.framework */,
				537EDD0D24F49F1E003DC54A /* APWebAuthenticationTests.xctest */,
			);
			name = Products;
			sourceTree = "<group>";
		};
		772F412C2DA19D0B00631B1D /* Tests */ = {
			isa = PBXGroup;
			children = (
				77E2533D2DB04CCA00B73036 /* FoursquareUserTests.swift */,
				77E2533E2DB04CCA00B73036 /* GitHubUserTests.swift */,
				77E2533F2DB04CCA00B73036 /* PinterestUserTests.swift */,
				77E253402DB04CCA00B73036 /* PinterestWebUserTests.swift */,
				77E253412DB04CCA00B73036 /* RedditUserTests.swift */,
				77E253422DB04CCA00B73036 /* TumblrUserTests.swift */,
				77E2532F2DB0465600B73036 /* OAuth2ClientTests.swift */,
				77E2532D2DB0462A00B73036 /* OAuth1ClientTests.swift */,
				77E2532B2DB045DE00B73036 /* AuthClientTests.swift */,
				77E253292DB0457E00B73036 /* ErrorExtensionTests.swift */,
				77E253272DB0455000B73036 /* Auth2AuthenticationTests.swift */,
				77E253252DB044FD00B73036 /* Auth1AuthenticationTests.swift */,
				77E253232DB0449B00B73036 /* JSONExtensionTests.swift */,
				77E253212DB0446D00B73036 /* AuthenticationTests.swift */,
				77E2531F2DB0442300B73036 /* ProviderBrowserModeTests.swift */,
				77E2531B2DB0438200B73036 /* APWebAuthenticationLinkTests.swift */,
				774305F52DA1FDCE00588966 /* APWebAuthenticationErrorTests.swift */,
				77E253192DB0408D00B73036 /* AccountStoreTests.swift */,
				774305F62DA1FDCE00588966 /* APWebAuthenticationTests.swift */,
			);
			path = Tests;
			sourceTree = "<group>";
		};
		774305362DA1FC2700588966 /* FiveHundredspxWeb */ = {
			isa = PBXGroup;
			children = (
				7743052F2DA1FC2700588966 /* FiveHundredspxWebAPIClient.swift */,
				774305302DA1FC2700588966 /* FiveHundredspxWebAuthController.swift */,
				774305312DA1FC2700588966 /* FiveHundredspxWebAuthentication.swift */,
				774305322DA1FC2700588966 /* FiveHundredspxWebHTMLAPIClient.swift */,
				774305332DA1FC2700588966 /* FiveHundredspxWebHTMLRequestAdapter.swift */,
				774305342DA1FC2700588966 /* FiveHundredspxWebRequestAdapter.swift */,
				774305352DA1FC2700588966 /* FiveHundredspxWebUser.swift */,
			);
			path = FiveHundredspxWeb;
			sourceTree = "<group>";
		};
		7743053A2DA1FC2700588966 /* Foursquare */ = {
			isa = PBXGroup;
			children = (
				774305372DA1FC2700588966 /* FoursquareAPIClient.swift */,
				774305382DA1FC2700588966 /* FoursquareRequestAdapter.swift */,
				774305392DA1FC2700588966 /* FoursquareUser.swift */,
			);
			path = Foursquare;
			sourceTree = "<group>";
		};
		7743053E2DA1FC2700588966 /* GitHub */ = {
			isa = PBXGroup;
			children = (
				7743053B2DA1FC2700588966 /* GitHubAPIClient.swift */,
				7743053C2DA1FC2700588966 /* GitHubRequestAdapter.swift */,
				7743053D2DA1FC2700588966 /* GitHubUser.swift */,
			);
			path = GitHub;
			sourceTree = "<group>";
		};
		774305472DA1FC2700588966 /* Models */ = {
			isa = PBXGroup;
			children = (
				774305402DA1FC2700588966 /* BaseMediaItem.swift */,
				774305412DA1FC2700588966 /* BaseUser.swift */,
				774305422DA1FC2700588966 /* MediaComment.swift */,
				774305432DA1FC2700588966 /* MediaItem.swift */,
				774305442DA1FC2700588966 /* StoryItem.swift */,
				774305452DA1FC2700588966 /* Tag.swift */,
				774305462DA1FC2700588966 /* User.swift */,
			);
			path = Models;
			sourceTree = "<group>";
		};
		7743054E2DA1FC2700588966 /* Pinterest */ = {
			isa = PBXGroup;
			children = (
				7743054C2DA1FC2700588966 /* PinterestAPIClient.swift */,
				7743054D2DA1FC2700588966 /* PinterestUser.swift */,
			);
			path = Pinterest;
			sourceTree = "<group>";
		};
		774305562DA1FC2700588966 /* PinterestWeb */ = {
			isa = PBXGroup;
			children = (
				7743054F2DA1FC2700588966 /* PinterestWebAPIClient.swift */,
				774305502DA1FC2700588966 /* PinterestWebAuthController.swift */,
				774305512DA1FC2700588966 /* PinterestWebAuthentication.swift */,
				774305522DA1FC2700588966 /* PinterestWebHTMLAPIClient.swift */,
				774305532DA1FC2700588966 /* PinterestWebHTMLRequestAdapter.swift */,
				774305542DA1FC2700588966 /* PinterestWebRequestAdapter.swift */,
				774305552DA1FC2700588966 /* PinterestWebUser.swift */,
			);
			path = PinterestWeb;
			sourceTree = "<group>";
		};
		7743055B2DA1FC2700588966 /* Reddit */ = {
			isa = PBXGroup;
			children = (
				774305592DA1FC2700588966 /* RedditAPIClient.swift */,
				7743055A2DA1FC2700588966 /* RedditUser.swift */,
			);
			path = Reddit;
			sourceTree = "<group>";
		};
		774305692DA1FC2700588966 /* TikTokWeb */ = {
			isa = PBXGroup;
			children = (
				7743055E2DA1FC2700588966 /* TikTokWebAPIClient.swift */,
				7743055F2DA1FC2700588966 /* TikTokWebAuthCheckpointController.swift */,
				774305602DA1FC2700588966 /* TikTokWebAuthController.swift */,
				774305612DA1FC2700588966 /* TikTokWebAuthentication.swift */,
				774305622DA1FC2700588966 /* TikTokWebMediaComment.swift */,
				774305632DA1FC2700588966 /* TikTokWebMediaItem.swift */,
				774305642DA1FC2700588966 /* TikTokWebMobileAPIClient.swift */,
				774305652DA1FC2700588966 /* TikTokWebMobileRequestAdapter.swift */,
				774305662DA1FC2700588966 /* TikTokWebRequestAdapter.swift */,
				774305672DA1FC2700588966 /* TikTokWebSignatureController.swift */,
				774305682DA1FC2700588966 /* TikTokWebUser.swift */,
			);
			path = TikTokWeb;
			sourceTree = "<group>";
		};
		7743056D2DA1FC2700588966 /* Tumblr */ = {
			isa = PBXGroup;
			children = (
				7743056A2DA1FC2700588966 /* TumblrAPIClient.swift */,
				7743056B2DA1FC2700588966 /* TumblrBlog.swift */,
				7743056C2DA1FC2700588966 /* TumblrUser.swift */,
			);
			path = Tumblr;
			sourceTree = "<group>";
		};
		774305712DA1FC2700588966 /* Twitch */ = {
			isa = PBXGroup;
			children = (
				7743056E2DA1FC2700588966 /* TwitchAPIClient.swift */,
				7743056F2DA1FC2700588966 /* TwitchRequestAdapter.swift */,
				774305702DA1FC2700588966 /* TwitchUser.swift */,
			);
			path = Twitch;
			sourceTree = "<group>";
		};
		774305752DA1FC2700588966 /* Twitter */ = {
			isa = PBXGroup;
			children = (
				774305722DA1FC2700588966 /* TwitterAPIClient.swift */,
				774305732DA1FC2700588966 /* TwitterPost.swift */,
				774305742DA1FC2700588966 /* TwitterUser.swift */,
			);
			path = Twitter;
			sourceTree = "<group>";
		};
		777A84732DAEA3CD00872AB4 /* workflows */ = {
			isa = PBXGroup;
			children = (
				777A84722DAEA3CD00872AB4 /* ci.yml */,
			);
			path = workflows;
			sourceTree = "<group>";
		};
		777A84752DAEA3CD00872AB4 /* .github */ = {
			isa = PBXGroup;
			children = (
				777A84732DAEA3CD00872AB4 /* workflows */,
				777A84742DAEA3CD00872AB4 /* dependabot.yml */,
			);
			path = .github;
			sourceTree = "<group>";
		};
		778D187A2DA2E86000101D91 /* UI */ = {
			isa = PBXGroup;
			children = (
				774305572DA1FC2700588966 /* ProgressView.swift */,
				774305292DA1FC2700588966 /* AuthNavBarView.swift */,
				7743052A2DA1FC2700588966 /* AuthViewController.swift */,
				7743052B2DA1FC2700588966 /* BaseAuthViewController.swift */,
				774305772DA1FC2700588966 /* UINavigationController+Progress.swift */,
				7743057B2DA1FC2700588966 /* WebTokensViewController.swift */,
				7743057C2DA1FC2700588966 /* WebViewController.swift */,
			);
			path = UI;
			sourceTree = "<group>";
		};
		778D187B2DA2EAFC00101D91 /* Frameworks */ = {
			isa = PBXGroup;
			children = (
				778D187C2DA2EAFC00101D91 /* CryptoKit.framework */,
			);
			name = Frameworks;
			sourceTree = "<group>";
		};
		77BAE9522D90D8E7008CC558 /* Sources */ = {
			isa = PBXGroup;
			children = (
				778D187A2DA2E86000101D91 /* UI */,
				774305362DA1FC2700588966 /* FiveHundredspxWeb */,
				7743053A2DA1FC2700588966 /* Foursquare */,
				7743053E2DA1FC2700588966 /* GitHub */,
				774305472DA1FC2700588966 /* Models */,
				7743054E2DA1FC2700588966 /* Pinterest */,
				774305562DA1FC2700588966 /* PinterestWeb */,
				7743055B2DA1FC2700588966 /* Reddit */,
				774305692DA1FC2700588966 /* TikTokWeb */,
				7743056D2DA1FC2700588966 /* Tumblr */,
				774305712DA1FC2700588966 /* Twitch */,
				774305752DA1FC2700588966 /* Twitter */,
				7743051E2DA1FC2700588966 /* AccountStore.swift */,
				7743051F2DA1FC2700588966 /* AccountType.swift */,
				774305202DA1FC2700588966 /* APWebAuthentication.h */,
				77E253142DB03F1000B73036 /* UIApplication+APWebAuthentication.swift */,
				774305212DA1FC2700588966 /* APWebAuthenticationError.swift */,
				774305222DA1FC2700588966 /* APWebAuthenticationLink.swift */,
				774305232DA1FC2700588966 /* APWebAuthenticationSession.swift */,
				774305242DA1FC2700588966 /* Auth1Authentication.swift */,
				774305252DA1FC2700588966 /* Auth2Authentication.swift */,
				774305262DA1FC2700588966 /* AuthClient.swift */,
				774305272DA1FC2700588966 /* AuthClientRequestRetrier.swift */,
				774305282DA1FC2700588966 /* Authentication.swift */,
				7743052C2DA1FC2700588966 /* Data+APWebAuthentication.swift */,
				7743052D2DA1FC2700588966 /* Error+APWebAuthentication.swift */,
				7743053F2DA1FC2700588966 /* JSON+APWebAuthentication.swift */,
				774305482DA1FC2700588966 /* OAuth1Client.swift */,
				774305492DA1FC2700588966 /* OAuth1RequestAdapter.swift */,
				7743054A2DA1FC2700588966 /* OAuth2Client.swift */,
				7743054B2DA1FC2700588966 /* OAuth2RequestAdapter.swift */,
				774305582DA1FC2700588966 /* ProviderBrowserMode.swift */,
				7743055C2DA1FC2700588966 /* SessionAuthentication.swift */,
				7743055D2DA1FC2700588966 /* String+APWebAuthentication.swift */,
				774305782DA1FC2700588966 /* URL+APWebAuthentication.swift */,
				7743057A2DA1FC2700588966 /* WebActivitySafari.swift */,
			);
			path = Sources;
			sourceTree = "<group>";
		};
/* End PBXGroup section */

/* Begin PBXHeadersBuildPhase section */
		537EDCFF24F49F1E003DC54A /* Headers */ = {
			isa = PBXHeadersBuildPhase;
			buildActionMask = 2147483647;
			files = (
				774305D02DA1FC2700588966 /* APWebAuthentication.h in Headers */,
			);
			runOnlyForDeploymentPostprocessing = 0;
		};
/* End PBXHeadersBuildPhase section */

/* Begin PBXNativeTarget section */
		537EDD0324F49F1E003DC54A /* APWebAuthentication */ = {
			isa = PBXNativeTarget;
			buildConfigurationList = 537EDD1824F49F1E003DC54A /* Build configuration list for PBXNativeTarget "APWebAuthentication" */;
			buildPhases = (
				537EDCFF24F49F1E003DC54A /* Headers */,
				537EDD0024F49F1E003DC54A /* Sources */,
				537EDD0124F49F1E003DC54A /* Frameworks */,
				537EDD0224F49F1E003DC54A /* Resources */,
			);
			buildRules = (
			);
			dependencies = (
			);
			name = APWebAuthentication;
			packageProductDependencies = (
				774305D22DA1FD0200588966 /* Alamofire */,
				774305D82DA1FD2300588966 /* HTTPStatusCodes */,
				774305DB2DA1FD3500588966 /* JGProgressHUD */,
				774305DE2DA1FD4600588966 /* SFSafeSymbols */,
				774305E12DA1FD5800588966 /* SnapKit */,
				774305E42DA1FD6F00588966 /* SwiftyBeaver */,
				774305E72DA1FD7F00588966 /* SwifterSwift */,
				774305EA2DA1FD8E00588966 /* SwiftyJSON */,
				774305ED2DA1FD9F00588966 /* SwiftyUserDefaults */,
				774305F02DA1FDB100588966 /* DeviceKit */,
				778D187F2DA2EEB800101D91 /* CryptoSwift */,
				777A84702DAEA39700872AB4 /* APUserAgentGenerator */,
			);
			productName = ProgressToolbar;
			productReference = 537EDD0424F49F1E003DC54A /* APWebAuthentication.framework */;
			productType = "com.apple.product-type.framework";
		};
		537EDD0C24F49F1E003DC54A /* APWebAuthenticationTests */ = {
			isa = PBXNativeTarget;
			buildConfigurationList = 537EDD1B24F49F1E003DC54A /* Build configuration list for PBXNativeTarget "APWebAuthenticationTests" */;
			buildPhases = (
				537EDD0924F49F1E003DC54A /* Sources */,
				537EDD0A24F49F1E003DC54A /* Frameworks */,
				537EDD0B24F49F1E003DC54A /* Resources */,
			);
			buildRules = (
			);
			dependencies = (
				537EDD1024F49F1E003DC54A /* PBXTargetDependency */,
			);
			name = APWebAuthenticationTests;
			packageProductDependencies = (
			);
			productName = ProgressToolbarTests;
			productReference = 537EDD0D24F49F1E003DC54A /* APWebAuthenticationTests.xctest */;
			productType = "com.apple.product-type.bundle.unit-test";
		};
/* End PBXNativeTarget section */

/* Begin PBXProject section */
		537EDCFB24F49F1E003DC54A /* Project object */ = {
			isa = PBXProject;
			attributes = {
				BuildIndependentTargetsInParallel = YES;
				LastSwiftUpdateCheck = 1160;
				LastUpgradeCheck = 1620;
				ORGANIZATIONNAME = "";
				TargetAttributes = {
					537EDD0324F49F1E003DC54A = {
						CreatedOnToolsVersion = 11.6;
						LastSwiftMigration = 1630;
					};
					537EDD0C24F49F1E003DC54A = {
						CreatedOnToolsVersion = 11.6;
						LastSwiftMigration = 1630;
					};
				};
			};
			buildConfigurationList = 537EDCFE24F49F1E003DC54A /* Build configuration list for PBXProject "APWebAuthentication" */;
			compatibilityVersion = "Xcode 14.0";
			developmentRegion = en;
			hasScannedForEncodings = 0;
			knownRegions = (
				en,
				Base,
			);
			mainGroup = 537EDCFA24F49F1E003DC54A;
			packageReferences = (
				774305D12DA1FD0200588966 /* XCRemoteSwiftPackageReference "Alamofire" */,
				774305D72DA1FD2300588966 /* XCRemoteSwiftPackageReference "SwiftHTTPStatusCodes" */,
				774305DA2DA1FD3500588966 /* XCRemoteSwiftPackageReference "JGProgressHUD" */,
				774305DD2DA1FD4600588966 /* XCRemoteSwiftPackageReference "SFSafeSymbols" */,
				774305E02DA1FD5800588966 /* XCRemoteSwiftPackageReference "SnapKit" */,
				774305E32DA1FD6F00588966 /* XCRemoteSwiftPackageReference "SwiftyBeaver" */,
				774305E62DA1FD7F00588966 /* XCRemoteSwiftPackageReference "SwifterSwift" */,
				774305E92DA1FD8E00588966 /* XCRemoteSwiftPackageReference "SwiftyJSON" */,
				774305EC2DA1FD9F00588966 /* XCRemoteSwiftPackageReference "SwiftyUserDefaults" */,
				774305EF2DA1FDB100588966 /* XCRemoteSwiftPackageReference "DeviceKit" */,
				778D187E2DA2EEB800101D91 /* XCRemoteSwiftPackageReference "CryptoSwift" */,
				777A846F2DAEA39700872AB4 /* XCRemoteSwiftPackageReference "APUserAgentGenerator" */,
			);
			productRefGroup = 537EDD0524F49F1E003DC54A /* Products */;
			projectDirPath = "";
			projectRoot = "";
			targets = (
				537EDD0324F49F1E003DC54A /* APWebAuthentication */,
				537EDD0C24F49F1E003DC54A /* APWebAuthenticationTests */,
			);
		};
/* End PBXProject section */

/* Begin PBXResourcesBuildPhase section */
		537EDD0224F49F1E003DC54A /* Resources */ = {
			isa = PBXResourcesBuildPhase;
			buildActionMask = 2147483647;
			files = (
			);
			runOnlyForDeploymentPostprocessing = 0;
		};
		537EDD0B24F49F1E003DC54A /* Resources */ = {
			isa = PBXResourcesBuildPhase;
			buildActionMask = 2147483647;
			files = (
			);
			runOnlyForDeploymentPostprocessing = 0;
		};
/* End PBXResourcesBuildPhase section */

/* Begin PBXSourcesBuildPhase section */
		537EDD0024F49F1E003DC54A /* Sources */ = {
			isa = PBXSourcesBuildPhase;
			buildActionMask = 2147483647;
			files = (
				7743057D2DA1FC2700588966 /* GitHubAPIClient.swift in Sources */,
				7743057E2DA1FC2700588966 /* Data+APWebAuthentication.swift in Sources */,
				7743057F2DA1FC2700588966 /* FiveHundredspxWebRequestAdapter.swift in Sources */,
				774305802DA1FC2700588966 /* MediaComment.swift in Sources */,
				774305812DA1FC2700588966 /* FiveHundredspxWebHTMLAPIClient.swift in Sources */,
				774305822DA1FC2700588966 /* PinterestWebAPIClient.swift in Sources */,
				774305832DA1FC2700588966 /* OAuth1RequestAdapter.swift in Sources */,
				774305842DA1FC2700588966 /* TwitchAPIClient.swift in Sources */,
				774305852DA1FC2700588966 /* WebTokensViewController.swift in Sources */,
				774305862DA1FC2700588966 /* Auth1Authentication.swift in Sources */,
				774305872DA1FC2700588966 /* TikTokWebRequestAdapter.swift in Sources */,
				774305882DA1FC2700588966 /* TikTokWebAPIClient.swift in Sources */,
				774305892DA1FC2700588966 /* OAuth2Client.swift in Sources */,
				7743058A2DA1FC2700588966 /* GitHubRequestAdapter.swift in Sources */,
				7743058B2DA1FC2700588966 /* ProviderBrowserMode.swift in Sources */,
				7743058C2DA1FC2700588966 /* FiveHundredspxWebAuthController.swift in Sources */,
				7743058D2DA1FC2700588966 /* Authentication.swift in Sources */,
				7743058E2DA1FC2700588966 /* UINavigationController+Progress.swift in Sources */,
				7743058F2DA1FC2700588966 /* PinterestWebAuthController.swift in Sources */,
				774305902DA1FC2700588966 /* TumblrBlog.swift in Sources */,
				774305912DA1FC2700588966 /* PinterestWebRequestAdapter.swift in Sources */,
				774305922DA1FC2700588966 /* StoryItem.swift in Sources */,
				774305932DA1FC2700588966 /* TikTokWebAuthController.swift in Sources */,
				774305942DA1FC2700588966 /* User.swift in Sources */,
				774305952DA1FC2700588966 /* TumblrAPIClient.swift in Sources */,
				774305962DA1FC2700588966 /* Error+APWebAuthentication.swift in Sources */,
				774305972DA1FC2700588966 /* JSON+APWebAuthentication.swift in Sources */,
				774305982DA1FC2700588966 /* FiveHundredspxWebHTMLRequestAdapter.swift in Sources */,
				774305992DA1FC2700588966 /* FoursquareRequestAdapter.swift in Sources */,
				7743059A2DA1FC2700588966 /* URL+APWebAuthentication.swift in Sources */,
				7743059B2DA1FC2700588966 /* AuthClientRequestRetrier.swift in Sources */,
				7743059C2DA1FC2700588966 /* String+APWebAuthentication.swift in Sources */,
				7743059D2DA1FC2700588966 /* PinterestWebUser.swift in Sources */,
				7743059E2DA1FC2700588966 /* PinterestWebHTMLRequestAdapter.swift in Sources */,
				7743059F2DA1FC2700588966 /* BaseUser.swift in Sources */,
				774305A02DA1FC2700588966 /* TikTokWebMediaItem.swift in Sources */,
				774305A12DA1FC2700588966 /* Auth2Authentication.swift in Sources */,
				774305A32DA1FC2700588966 /* AccountStore.swift in Sources */,
				774305A42DA1FC2700588966 /* WebActivitySafari.swift in Sources */,
				774305A52DA1FC2700588966 /* Tag.swift in Sources */,
				774305A62DA1FC2700588966 /* TumblrUser.swift in Sources */,
				774305A72DA1FC2700588966 /* AccountType.swift in Sources */,
				774305A82DA1FC2700588966 /* ProgressView.swift in Sources */,
				774305AA2DA1FC2700588966 /* TikTokWebSignatureController.swift in Sources */,
				774305AB2DA1FC2700588966 /* FoursquareAPIClient.swift in Sources */,
				774305AC2DA1FC2700588966 /* TikTokWebAuthentication.swift in Sources */,
				774305AD2DA1FC2700588966 /* FiveHundredspxWebAPIClient.swift in Sources */,
				774305AE2DA1FC2700588966 /* TwitterUser.swift in Sources */,
				774305AF2DA1FC2700588966 /* SessionAuthentication.swift in Sources */,
				774305B02DA1FC2700588966 /* OAuth1Client.swift in Sources */,
				774305B12DA1FC2700588966 /* TwitterAPIClient.swift in Sources */,
				774305B22DA1FC2700588966 /* PinterestWebAuthentication.swift in Sources */,
				774305B32DA1FC2700588966 /* AuthClient.swift in Sources */,
				774305B42DA1FC2700588966 /* TwitchRequestAdapter.swift in Sources */,
				774305B52DA1FC2700588966 /* BaseAuthViewController.swift in Sources */,
				774305B62DA1FC2700588966 /* TikTokWebAuthCheckpointController.swift in Sources */,
				774305B72DA1FC2700588966 /* TwitchUser.swift in Sources */,
				774305B82DA1FC2700588966 /* PinterestUser.swift in Sources */,
				774305B92DA1FC2700588966 /* GitHubUser.swift in Sources */,
				774305BA2DA1FC2700588966 /* RedditAPIClient.swift in Sources */,
				774305BB2DA1FC2700588966 /* APWebAuthenticationError.swift in Sources */,
				774305BC2DA1FC2700588966 /* MediaItem.swift in Sources */,
				774305BE2DA1FC2700588966 /* AuthViewController.swift in Sources */,
				774305BF2DA1FC2700588966 /* WebViewController.swift in Sources */,
				774305C02DA1FC2700588966 /* OAuth2RequestAdapter.swift in Sources */,
				77E253152DB03F1000B73036 /* UIApplication+APWebAuthentication.swift in Sources */,
				774305C12DA1FC2700588966 /* FiveHundredspxWebAuthentication.swift in Sources */,
				774305C22DA1FC2700588966 /* AuthNavBarView.swift in Sources */,
				774305C32DA1FC2700588966 /* FiveHundredspxWebUser.swift in Sources */,
				774305C42DA1FC2700588966 /* TwitterPost.swift in Sources */,
				774305C52DA1FC2700588966 /* TikTokWebMobileRequestAdapter.swift in Sources */,
				774305C62DA1FC2700588966 /* RedditUser.swift in Sources */,
				774305C72DA1FC2700588966 /* PinterestAPIClient.swift in Sources */,
				774305C82DA1FC2700588966 /* APWebAuthenticationLink.swift in Sources */,
				774305C92DA1FC2700588966 /* TikTokWebMediaComment.swift in Sources */,
				774305CA2DA1FC2700588966 /* TikTokWebMobileAPIClient.swift in Sources */,
				774305CB2DA1FC2700588966 /* BaseMediaItem.swift in Sources */,
				774305CC2DA1FC2700588966 /* APWebAuthenticationSession.swift in Sources */,
				774305CD2DA1FC2700588966 /* FoursquareUser.swift in Sources */,
				774305CE2DA1FC2700588966 /* PinterestWebHTMLAPIClient.swift in Sources */,
				774305CF2DA1FC2700588966 /* TikTokWebUser.swift in Sources */,
			);
			runOnlyForDeploymentPostprocessing = 0;
		};
		537EDD0924F49F1E003DC54A /* Sources */ = {
			isa = PBXSourcesBuildPhase;
			buildActionMask = 2147483647;
			files = (
				77E2532C2DB045E000B73036 /* AuthClientTests.swift in Sources */,
				77E2531A2DB0408F00B73036 /* AccountStoreTests.swift in Sources */,
				77E2532E2DB0462B00B73036 /* OAuth1ClientTests.swift in Sources */,
				77E253222DB0446F00B73036 /* AuthenticationTests.swift in Sources */,
				77E2531C2DB0438300B73036 /* APWebAuthenticationLinkTests.swift in Sources */,
				774305F72DA1FDCE00588966 /* APWebAuthenticationTests.swift in Sources */,
				77E2532A2DB0458000B73036 /* ErrorExtensionTests.swift in Sources */,
				77E253242DB0449D00B73036 /* JSONExtensionTests.swift in Sources */,
				774305F82DA1FDCE00588966 /* APWebAuthenticationErrorTests.swift in Sources */,
				77E253432DB04CCA00B73036 /* PinterestWebUserTests.swift in Sources */,
				77E253442DB04CCA00B73036 /* RedditUserTests.swift in Sources */,
				77E253452DB04CCA00B73036 /* PinterestUserTests.swift in Sources */,
				77E253462DB04CCA00B73036 /* FoursquareUserTests.swift in Sources */,
				77E253472DB04CCA00B73036 /* TumblrUserTests.swift in Sources */,
				77E253482DB04CCA00B73036 /* GitHubUserTests.swift in Sources */,
				77E253302DB0465700B73036 /* OAuth2ClientTests.swift in Sources */,
				77E253202DB0442600B73036 /* ProviderBrowserModeTests.swift in Sources */,
				77E253262DB044FF00B73036 /* Auth1AuthenticationTests.swift in Sources */,
				77E253282DB0455100B73036 /* Auth2AuthenticationTests.swift in Sources */,
			);
			runOnlyForDeploymentPostprocessing = 0;
		};
/* End PBXSourcesBuildPhase section */

/* Begin PBXTargetDependency section */
		537EDD1024F49F1E003DC54A /* PBXTargetDependency */ = {
			isa = PBXTargetDependency;
			target = 537EDD0324F49F1E003DC54A /* APWebAuthentication */;
			targetProxy = 537EDD0F24F49F1E003DC54A /* PBXContainerItemProxy */;
		};
/* End PBXTargetDependency section */

/* Begin XCBuildConfiguration section */
		537EDD1624F49F1E003DC54A /* Debug */ = {
			isa = XCBuildConfiguration;
			buildSettings = {
				ALWAYS_SEARCH_USER_PATHS = NO;
				ASSETCATALOG_COMPILER_GENERATE_SWIFT_ASSET_SYMBOL_EXTENSIONS = YES;
				CLANG_ANALYZER_NONNULL = YES;
				CLANG_ANALYZER_NUMBER_OBJECT_CONVERSION = YES_AGGRESSIVE;
				CLANG_CXX_LANGUAGE_STANDARD = "gnu++14";
				CLANG_CXX_LIBRARY = "libc++";
				CLANG_ENABLE_MODULES = YES;
				CLANG_ENABLE_OBJC_ARC = YES;
				CLANG_ENABLE_OBJC_WEAK = YES;
				CLANG_WARN_BLOCK_CAPTURE_AUTORELEASING = YES;
				CLANG_WARN_BOOL_CONVERSION = YES;
				CLANG_WARN_COMMA = YES;
				CLANG_WARN_CONSTANT_CONVERSION = YES;
				CLANG_WARN_DEPRECATED_OBJC_IMPLEMENTATIONS = YES;
				CLANG_WARN_DIRECT_OBJC_ISA_USAGE = YES_ERROR;
				CLANG_WARN_DOCUMENTATION_COMMENTS = YES;
				CLANG_WARN_EMPTY_BODY = YES;
				CLANG_WARN_ENUM_CONVERSION = YES;
				CLANG_WARN_INFINITE_RECURSION = YES;
				CLANG_WARN_INT_CONVERSION = YES;
				CLANG_WARN_NON_LITERAL_NULL_CONVERSION = YES;
				CLANG_WARN_OBJC_IMPLICIT_RETAIN_SELF = YES;
				CLANG_WARN_OBJC_LITERAL_CONVERSION = YES;
				CLANG_WARN_OBJC_ROOT_CLASS = YES_ERROR;
				CLANG_WARN_QUOTED_INCLUDE_IN_FRAMEWORK_HEADER = YES;
				CLANG_WARN_RANGE_LOOP_ANALYSIS = YES;
				CLANG_WARN_STRICT_PROTOTYPES = YES;
				CLANG_WARN_SUSPICIOUS_MOVE = YES;
				CLANG_WARN_UNGUARDED_AVAILABILITY = YES_AGGRESSIVE;
				CLANG_WARN_UNREACHABLE_CODE = YES;
				CLANG_WARN__DUPLICATE_METHOD_MATCH = YES;
				COPY_PHASE_STRIP = NO;
				CURRENT_PROJECT_VERSION = 1;
				DEBUG_INFORMATION_FORMAT = dwarf;
				ENABLE_STRICT_OBJC_MSGSEND = YES;
				ENABLE_TESTABILITY = YES;
				ENABLE_USER_SCRIPT_SANDBOXING = YES;
				GCC_C_LANGUAGE_STANDARD = gnu11;
				GCC_DYNAMIC_NO_PIC = NO;
				GCC_NO_COMMON_BLOCKS = YES;
				GCC_OPTIMIZATION_LEVEL = 0;
				GCC_PREPROCESSOR_DEFINITIONS = (
					"DEBUG=1",
					"$(inherited)",
				);
				GCC_WARN_64_TO_32_BIT_CONVERSION = YES;
				GCC_WARN_ABOUT_RETURN_TYPE = YES_ERROR;
				GCC_WARN_UNDECLARED_SELECTOR = YES;
				GCC_WARN_UNINITIALIZED_AUTOS = YES_AGGRESSIVE;
				GCC_WARN_UNUSED_FUNCTION = YES;
				GCC_WARN_UNUSED_VARIABLE = YES;
				IPHONEOS_DEPLOYMENT_TARGET = 16.6;
				MTL_ENABLE_DEBUG_INFO = INCLUDE_SOURCE;
				MTL_FAST_MATH = YES;
				ONLY_ACTIVE_ARCH = YES;
				SDKROOT = iphoneos;
				SWIFT_ACTIVE_COMPILATION_CONDITIONS = DEBUG;
				SWIFT_OPTIMIZATION_LEVEL = "-Onone";
				VERSIONING_SYSTEM = "apple-generic";
				VERSION_INFO_PREFIX = "";
			};
			name = Debug;
		};
		537EDD1724F49F1E003DC54A /* Release */ = {
			isa = XCBuildConfiguration;
			buildSettings = {
				ALWAYS_SEARCH_USER_PATHS = NO;
				ASSETCATALOG_COMPILER_GENERATE_SWIFT_ASSET_SYMBOL_EXTENSIONS = YES;
				CLANG_ANALYZER_NONNULL = YES;
				CLANG_ANALYZER_NUMBER_OBJECT_CONVERSION = YES_AGGRESSIVE;
				CLANG_CXX_LANGUAGE_STANDARD = "gnu++14";
				CLANG_CXX_LIBRARY = "libc++";
				CLANG_ENABLE_MODULES = YES;
				CLANG_ENABLE_OBJC_ARC = YES;
				CLANG_ENABLE_OBJC_WEAK = YES;
				CLANG_WARN_BLOCK_CAPTURE_AUTORELEASING = YES;
				CLANG_WARN_BOOL_CONVERSION = YES;
				CLANG_WARN_COMMA = YES;
				CLANG_WARN_CONSTANT_CONVERSION = YES;
				CLANG_WARN_DEPRECATED_OBJC_IMPLEMENTATIONS = YES;
				CLANG_WARN_DIRECT_OBJC_ISA_USAGE = YES_ERROR;
				CLANG_WARN_DOCUMENTATION_COMMENTS = YES;
				CLANG_WARN_EMPTY_BODY = YES;
				CLANG_WARN_ENUM_CONVERSION = YES;
				CLANG_WARN_INFINITE_RECURSION = YES;
				CLANG_WARN_INT_CONVERSION = YES;
				CLANG_WARN_NON_LITERAL_NULL_CONVERSION = YES;
				CLANG_WARN_OBJC_IMPLICIT_RETAIN_SELF = YES;
				CLANG_WARN_OBJC_LITERAL_CONVERSION = YES;
				CLANG_WARN_OBJC_ROOT_CLASS = YES_ERROR;
				CLANG_WARN_QUOTED_INCLUDE_IN_FRAMEWORK_HEADER = YES;
				CLANG_WARN_RANGE_LOOP_ANALYSIS = YES;
				CLANG_WARN_STRICT_PROTOTYPES = YES;
				CLANG_WARN_SUSPICIOUS_MOVE = YES;
				CLANG_WARN_UNGUARDED_AVAILABILITY = YES_AGGRESSIVE;
				CLANG_WARN_UNREACHABLE_CODE = YES;
				CLANG_WARN__DUPLICATE_METHOD_MATCH = YES;
				COPY_PHASE_STRIP = NO;
				CURRENT_PROJECT_VERSION = 1;
				DEBUG_INFORMATION_FORMAT = "dwarf-with-dsym";
				ENABLE_NS_ASSERTIONS = NO;
				ENABLE_STRICT_OBJC_MSGSEND = YES;
				ENABLE_USER_SCRIPT_SANDBOXING = YES;
				GCC_C_LANGUAGE_STANDARD = gnu11;
				GCC_NO_COMMON_BLOCKS = YES;
				GCC_WARN_64_TO_32_BIT_CONVERSION = YES;
				GCC_WARN_ABOUT_RETURN_TYPE = YES_ERROR;
				GCC_WARN_UNDECLARED_SELECTOR = YES;
				GCC_WARN_UNINITIALIZED_AUTOS = YES_AGGRESSIVE;
				GCC_WARN_UNUSED_FUNCTION = YES;
				GCC_WARN_UNUSED_VARIABLE = YES;
				IPHONEOS_DEPLOYMENT_TARGET = 16.6;
				MTL_ENABLE_DEBUG_INFO = NO;
				MTL_FAST_MATH = YES;
				SDKROOT = iphoneos;
				SWIFT_COMPILATION_MODE = wholemodule;
				SWIFT_OPTIMIZATION_LEVEL = "-O";
				VALIDATE_PRODUCT = YES;
				VERSIONING_SYSTEM = "apple-generic";
				VERSION_INFO_PREFIX = "";
			};
			name = Release;
		};
		537EDD1924F49F1E003DC54A /* Debug */ = {
			isa = XCBuildConfiguration;
			buildSettings = {
				CLANG_ENABLE_MODULES = YES;
				CODE_SIGN_IDENTITY = "";
				CODE_SIGN_STYLE = Automatic;
				DEFINES_MODULE = YES;
				DYLIB_COMPATIBILITY_VERSION = 1;
				DYLIB_CURRENT_VERSION = 1;
				DYLIB_INSTALL_NAME_BASE = "@rpath";
				ENABLE_MODULE_VERIFIER = YES;
				GENERATE_INFOPLIST_FILE = YES;
				INSTALL_PATH = "$(LOCAL_LIBRARY_DIR)/Frameworks";
				IPHONEOS_DEPLOYMENT_TARGET = 16.6;
				LD_RUNPATH_SEARCH_PATHS = (
					"$(inherited)",
					"@executable_path/Frameworks",
					"@loader_path/Frameworks",
				);
				MODULE_VERIFIER_SUPPORTED_LANGUAGE_STANDARDS = "gnu11 gnu++14";
				PRODUCT_BUNDLE_IDENTIFIER = APStorePersistence;
				PRODUCT_NAME = "$(TARGET_NAME:c99extidentifier)";
				SKIP_INSTALL = YES;
				SWIFT_OPTIMIZATION_LEVEL = "-Onone";
				SWIFT_VERSION = 5.0;
				TARGETED_DEVICE_FAMILY = "1,2";
			};
			name = Debug;
		};
		537EDD1A24F49F1E003DC54A /* Release */ = {
			isa = XCBuildConfiguration;
			buildSettings = {
				CLANG_ENABLE_MODULES = YES;
				CODE_SIGN_IDENTITY = "";
				CODE_SIGN_STYLE = Automatic;
				DEFINES_MODULE = YES;
				DYLIB_COMPATIBILITY_VERSION = 1;
				DYLIB_CURRENT_VERSION = 1;
				DYLIB_INSTALL_NAME_BASE = "@rpath";
				ENABLE_MODULE_VERIFIER = YES;
				GENERATE_INFOPLIST_FILE = YES;
				INSTALL_PATH = "$(LOCAL_LIBRARY_DIR)/Frameworks";
				IPHONEOS_DEPLOYMENT_TARGET = 16.6;
				LD_RUNPATH_SEARCH_PATHS = (
					"$(inherited)",
					"@executable_path/Frameworks",
					"@loader_path/Frameworks",
				);
				MODULE_VERIFIER_SUPPORTED_LANGUAGE_STANDARDS = "gnu11 gnu++14";
				PRODUCT_BUNDLE_IDENTIFIER = APStorePersistence;
				PRODUCT_NAME = "$(TARGET_NAME:c99extidentifier)";
				SKIP_INSTALL = YES;
				SWIFT_VERSION = 5.0;
				TARGETED_DEVICE_FAMILY = "1,2";
			};
			name = Release;
		};
		537EDD1C24F49F1E003DC54A /* Debug */ = {
			isa = XCBuildConfiguration;
			buildSettings = {
				CLANG_ENABLE_MODULES = YES;
				"CODE_SIGN_IDENTITY[sdk=macosx*]" = "-";
				CODE_SIGN_STYLE = Automatic;
				GENERATE_INFOPLIST_FILE = YES;
				LD_RUNPATH_SEARCH_PATHS = (
					"$(inherited)",
					"@executable_path/Frameworks",
					"@loader_path/Frameworks",
				);
				PRODUCT_BUNDLE_IDENTIFIER = APStorePersistenceTests;
				PRODUCT_NAME = "$(TARGET_NAME)";
				SWIFT_OPTIMIZATION_LEVEL = "-Onone";
				SWIFT_VERSION = 5.0;
				TARGETED_DEVICE_FAMILY = "1,2";
			};
			name = Debug;
		};
		537EDD1D24F49F1E003DC54A /* Release */ = {
			isa = XCBuildConfiguration;
			buildSettings = {
				CLANG_ENABLE_MODULES = YES;
				"CODE_SIGN_IDENTITY[sdk=macosx*]" = "-";
				CODE_SIGN_STYLE = Automatic;
				GENERATE_INFOPLIST_FILE = YES;
				LD_RUNPATH_SEARCH_PATHS = (
					"$(inherited)",
					"@executable_path/Frameworks",
					"@loader_path/Frameworks",
				);
				PRODUCT_BUNDLE_IDENTIFIER = APStorePersistenceTests;
				PRODUCT_NAME = "$(TARGET_NAME)";
				SWIFT_VERSION = 5.0;
				TARGETED_DEVICE_FAMILY = "1,2";
			};
			name = Release;
		};
/* End XCBuildConfiguration section */

/* Begin XCConfigurationList section */
		537EDCFE24F49F1E003DC54A /* Build configuration list for PBXProject "APWebAuthentication" */ = {
			isa = XCConfigurationList;
			buildConfigurations = (
				537EDD1624F49F1E003DC54A /* Debug */,
				537EDD1724F49F1E003DC54A /* Release */,
			);
			defaultConfigurationIsVisible = 0;
			defaultConfigurationName = Release;
		};
		537EDD1824F49F1E003DC54A /* Build configuration list for PBXNativeTarget "APWebAuthentication" */ = {
			isa = XCConfigurationList;
			buildConfigurations = (
				537EDD1924F49F1E003DC54A /* Debug */,
				537EDD1A24F49F1E003DC54A /* Release */,
			);
			defaultConfigurationIsVisible = 0;
			defaultConfigurationName = Release;
		};
		537EDD1B24F49F1E003DC54A /* Build configuration list for PBXNativeTarget "APWebAuthenticationTests" */ = {
			isa = XCConfigurationList;
			buildConfigurations = (
				537EDD1C24F49F1E003DC54A /* Debug */,
				537EDD1D24F49F1E003DC54A /* Release */,
			);
			defaultConfigurationIsVisible = 0;
			defaultConfigurationName = Release;
		};
/* End XCConfigurationList section */

/* Begin XCRemoteSwiftPackageReference section */
		774305D12DA1FD0200588966 /* XCRemoteSwiftPackageReference "Alamofire" */ = {
			isa = XCRemoteSwiftPackageReference;
			repositoryURL = "https://github.com/Alamofire/Alamofire.git";
			requirement = {
				kind = upToNextMajorVersion;
				minimumVersion = 5.10.2;
			};
		};
		774305D72DA1FD2300588966 /* XCRemoteSwiftPackageReference "SwiftHTTPStatusCodes" */ = {
			isa = XCRemoteSwiftPackageReference;
			repositoryURL = "https://github.com/rhodgkins/SwiftHTTPStatusCodes.git";
			requirement = {
				kind = upToNextMajorVersion;
				minimumVersion = 3.3.2;
			};
		};
		774305DA2DA1FD3500588966 /* XCRemoteSwiftPackageReference "JGProgressHUD" */ = {
			isa = XCRemoteSwiftPackageReference;
			repositoryURL = "https://github.com/JonasGessner/JGProgressHUD.git";
			requirement = {
				kind = upToNextMajorVersion;
				minimumVersion = 2.2.0;
			};
		};
		774305DD2DA1FD4600588966 /* XCRemoteSwiftPackageReference "SFSafeSymbols" */ = {
			isa = XCRemoteSwiftPackageReference;
			repositoryURL = "https://github.com/SFSafeSymbols/SFSafeSymbols.git";
			requirement = {
				kind = upToNextMajorVersion;
				minimumVersion = 6.2.0;
			};
		};
		774305E02DA1FD5800588966 /* XCRemoteSwiftPackageReference "SnapKit" */ = {
			isa = XCRemoteSwiftPackageReference;
			repositoryURL = "https://github.com/SnapKit/SnapKit.git";
			requirement = {
				kind = upToNextMajorVersion;
				minimumVersion = 5.7.1;
			};
		};
		774305E32DA1FD6F00588966 /* XCRemoteSwiftPackageReference "SwiftyBeaver" */ = {
			isa = XCRemoteSwiftPackageReference;
			repositoryURL = "https://github.com/SwiftyBeaver/SwiftyBeaver.git";
			requirement = {
				kind = upToNextMajorVersion;
				minimumVersion = 2.1.1;
			};
		};
		774305E62DA1FD7F00588966 /* XCRemoteSwiftPackageReference "SwifterSwift" */ = {
			isa = XCRemoteSwiftPackageReference;
			repositoryURL = "https://github.com/SwifterSwift/SwifterSwift.git";
			requirement = {
				kind = upToNextMajorVersion;
				minimumVersion = 7.0.0;
			};
		};
		774305E92DA1FD8E00588966 /* XCRemoteSwiftPackageReference "SwiftyJSON" */ = {
			isa = XCRemoteSwiftPackageReference;
			repositoryURL = "https://github.com/SwiftyJSON/SwiftyJSON.git";
			requirement = {
				kind = upToNextMajorVersion;
				minimumVersion = 5.0.2;
			};
		};
		774305EC2DA1FD9F00588966 /* XCRemoteSwiftPackageReference "SwiftyUserDefaults" */ = {
			isa = XCRemoteSwiftPackageReference;
			repositoryURL = "https://github.com/sunshinejr/SwiftyUserDefaults.git";
			requirement = {
				kind = upToNextMajorVersion;
				minimumVersion = 5.3.0;
			};
		};
		774305EF2DA1FDB100588966 /* XCRemoteSwiftPackageReference "DeviceKit" */ = {
			isa = XCRemoteSwiftPackageReference;
			repositoryURL = "https://github.com/devicekit/DeviceKit.git";
			requirement = {
				kind = upToNextMajorVersion;
				minimumVersion = 5.6.0;
			};
		};
		777A846F2DAEA39700872AB4 /* XCRemoteSwiftPackageReference "APUserAgentGenerator" */ = {
			isa = XCRemoteSwiftPackageReference;
			repositoryURL = "https://github.com/aporat/APUserAgentGenerator.git";
			requirement = {
				kind = upToNextMajorVersion;
				minimumVersion = 1.3.0;
			};
		};
		778D187E2DA2EEB800101D91 /* XCRemoteSwiftPackageReference "CryptoSwift" */ = {
			isa = XCRemoteSwiftPackageReference;
			repositoryURL = "https://github.com/krzyzanowskim/CryptoSwift.git";
			requirement = {
				kind = upToNextMajorVersion;
				minimumVersion = 1.8.4;
			};
		};
/* End XCRemoteSwiftPackageReference section */

/* Begin XCSwiftPackageProductDependency section */
		774305D22DA1FD0200588966 /* Alamofire */ = {
			isa = XCSwiftPackageProductDependency;
			package = 774305D12DA1FD0200588966 /* XCRemoteSwiftPackageReference "Alamofire" */;
			productName = Alamofire;
		};
		774305D82DA1FD2300588966 /* HTTPStatusCodes */ = {
			isa = XCSwiftPackageProductDependency;
			package = 774305D72DA1FD2300588966 /* XCRemoteSwiftPackageReference "SwiftHTTPStatusCodes" */;
			productName = HTTPStatusCodes;
		};
		774305DB2DA1FD3500588966 /* JGProgressHUD */ = {
			isa = XCSwiftPackageProductDependency;
			package = 774305DA2DA1FD3500588966 /* XCRemoteSwiftPackageReference "JGProgressHUD" */;
			productName = JGProgressHUD;
		};
		774305DE2DA1FD4600588966 /* SFSafeSymbols */ = {
			isa = XCSwiftPackageProductDependency;
			package = 774305DD2DA1FD4600588966 /* XCRemoteSwiftPackageReference "SFSafeSymbols" */;
			productName = SFSafeSymbols;
		};
		774305E12DA1FD5800588966 /* SnapKit */ = {
			isa = XCSwiftPackageProductDependency;
			package = 774305E02DA1FD5800588966 /* XCRemoteSwiftPackageReference "SnapKit" */;
			productName = SnapKit;
		};
		774305E42DA1FD6F00588966 /* SwiftyBeaver */ = {
			isa = XCSwiftPackageProductDependency;
			package = 774305E32DA1FD6F00588966 /* XCRemoteSwiftPackageReference "SwiftyBeaver" */;
			productName = SwiftyBeaver;
		};
		774305E72DA1FD7F00588966 /* SwifterSwift */ = {
			isa = XCSwiftPackageProductDependency;
			package = 774305E62DA1FD7F00588966 /* XCRemoteSwiftPackageReference "SwifterSwift" */;
			productName = SwifterSwift;
		};
		774305EA2DA1FD8E00588966 /* SwiftyJSON */ = {
			isa = XCSwiftPackageProductDependency;
			package = 774305E92DA1FD8E00588966 /* XCRemoteSwiftPackageReference "SwiftyJSON" */;
			productName = SwiftyJSON;
		};
		774305ED2DA1FD9F00588966 /* SwiftyUserDefaults */ = {
			isa = XCSwiftPackageProductDependency;
			package = 774305EC2DA1FD9F00588966 /* XCRemoteSwiftPackageReference "SwiftyUserDefaults" */;
			productName = SwiftyUserDefaults;
		};
		774305F02DA1FDB100588966 /* DeviceKit */ = {
			isa = XCSwiftPackageProductDependency;
			package = 774305EF2DA1FDB100588966 /* XCRemoteSwiftPackageReference "DeviceKit" */;
			productName = DeviceKit;
		};
		777A84702DAEA39700872AB4 /* APUserAgentGenerator */ = {
			isa = XCSwiftPackageProductDependency;
			package = 777A846F2DAEA39700872AB4 /* XCRemoteSwiftPackageReference "APUserAgentGenerator" */;
			productName = APUserAgentGenerator;
		};
		778D187F2DA2EEB800101D91 /* CryptoSwift */ = {
			isa = XCSwiftPackageProductDependency;
			package = 778D187E2DA2EEB800101D91 /* XCRemoteSwiftPackageReference "CryptoSwift" */;
			productName = CryptoSwift;
		};
/* End XCSwiftPackageProductDependency section */
	};
	rootObject = 537EDCFB24F49F1E003DC54A /* Project object */;
}
